// !$*UTF8*$!
{
	archiveVersion = 1;
	classes = {
	};
	objectVersion = 56;
	objects = {

/* Begin PBXBuildFile section */
		6B40B44B2A20C745004E4A21 /* GoogleService-Info.plist in Resources */ = {isa = PBXBuildFile; fileRef = 6B40B44A2A20C745004E4A21 /* GoogleService-Info.plist */; };
		6B40B44E2A20C7F6004E4A21 /* FirebaseAuth in Frameworks */ = {isa = PBXBuildFile; productRef = 6B40B44D2A20C7F6004E4A21 /* FirebaseAuth */; };
		6B40B4502A20C7F6004E4A21 /* FirebaseFirestore in Frameworks */ = {isa = PBXBuildFile; productRef = 6B40B44F2A20C7F6004E4A21 /* FirebaseFirestore */; };
		6B40B4522A20C7F6004E4A21 /* FirebaseFirestoreSwift in Frameworks */ = {isa = PBXBuildFile; productRef = 6B40B4512A20C7F6004E4A21 /* FirebaseFirestoreSwift */; };
		6B40B4542A20C7F6004E4A21 /* FirebaseStorage in Frameworks */ = {isa = PBXBuildFile; productRef = 6B40B4532A20C7F6004E4A21 /* FirebaseStorage */; };
		6B40B4562A20C901004E4A21 /* AuthService.swift in Sources */ = {isa = PBXBuildFile; fileRef = 6B40B4552A20C901004E4A21 /* AuthService.swift */; };
		6B40B4592A20DAFC004E4A21 /* AuthenticationFormProtocol.swift in Sources */ = {isa = PBXBuildFile; fileRef = 6B40B4582A20DAFC004E4A21 /* AuthenticationFormProtocol.swift */; };
		6B40B45B2A20E83B004E4A21 /* MapSearchField.swift in Sources */ = {isa = PBXBuildFile; fileRef = 6B40B45A2A20E83B004E4A21 /* MapSearchField.swift */; };
		6B9D94632A1F7CA20001B07E /* HomeView.swift in Sources */ = {isa = PBXBuildFile; fileRef = 6B9D94622A1F7CA20001B07E /* HomeView.swift */; };
		6B9D94662A1F7D0D0001B07E /* HomePublisher.swift in Sources */ = {isa = PBXBuildFile; fileRef = 6B9D94652A1F7D0D0001B07E /* HomePublisher.swift */; };
		6B9D946E2A1F846D0001B07E /* MapView.swift in Sources */ = {isa = PBXBuildFile; fileRef = 6B9D946D2A1F846D0001B07E /* MapView.swift */; };
		6B9D94702A1F84910001B07E /* MapPublisher.swift in Sources */ = {isa = PBXBuildFile; fileRef = 6B9D946F2A1F84910001B07E /* MapPublisher.swift */; };
		6B9D94732A1F877F0001B07E /* Color+Extension.swift in Sources */ = {isa = PBXBuildFile; fileRef = 6B9D94722A1F877F0001B07E /* Color+Extension.swift */; };
		6B9D94752A1F87B50001B07E /* View+Extension.swift in Sources */ = {isa = PBXBuildFile; fileRef = 6B9D94742A1F87B50001B07E /* View+Extension.swift */; };
		6B9D94782A1F8BFA0001B07E /* Lottie in Frameworks */ = {isa = PBXBuildFile; productRef = 6B9D94772A1F8BFA0001B07E /* Lottie */; };
		6B9D947B2A1F8C460001B07E /* LottieView.swift in Sources */ = {isa = PBXBuildFile; fileRef = 6B9D947A2A1F8C460001B07E /* LottieView.swift */; };
		6B9D94802A1F8D300001B07E /* LoginView.swift in Sources */ = {isa = PBXBuildFile; fileRef = 6B9D947F2A1F8D300001B07E /* LoginView.swift */; };
		6B9D94862A1F8ECF0001B07E /* bunchOfFood.json in Resources */ = {isa = PBXBuildFile; fileRef = 6B9D94852A1F8ECF0001B07E /* bunchOfFood.json */; };
		6B9D948A2A1F900C0001B07E /* CustomTextField.swift in Sources */ = {isa = PBXBuildFile; fileRef = 6B9D94892A1F900C0001B07E /* CustomTextField.swift */; };
		6B9D948D2A1FC98A0001B07E /* RegisterView.swift in Sources */ = {isa = PBXBuildFile; fileRef = 6B9D948C2A1FC98A0001B07E /* RegisterView.swift */; };
		6B9D948F2A1FC9DE0001B07E /* phone.json in Resources */ = {isa = PBXBuildFile; fileRef = 6B9D948E2A1FC9DE0001B07E /* phone.json */; };
		6B9D94922A1FCA7F0001B07E /* PlainButton.swift in Sources */ = {isa = PBXBuildFile; fileRef = 6B9D94912A1FCA7F0001B07E /* PlainButton.swift */; };
		6B9D94942A1FCDA90001B07E /* String+Extension.swift in Sources */ = {isa = PBXBuildFile; fileRef = 6B9D94932A1FCDA90001B07E /* String+Extension.swift */; };
		6B9D94972A1FCEEB0001B07E /* UserModel.swift in Sources */ = {isa = PBXBuildFile; fileRef = 6B9D94962A1FCEEB0001B07E /* UserModel.swift */; };
		6B9D94992A1FCF3F0001B07E /* RestaurantOwnerModel.swift in Sources */ = {isa = PBXBuildFile; fileRef = 6B9D94982A1FCF3F0001B07E /* RestaurantOwnerModel.swift */; };
		6B9D949B2A1FD0430001B07E /* RegisterPublisher.swift in Sources */ = {isa = PBXBuildFile; fileRef = 6B9D949A2A1FD0430001B07E /* RegisterPublisher.swift */; };
		6BA3E08B2A1F4E9C008A034E /* looksgoodApp.swift in Sources */ = {isa = PBXBuildFile; fileRef = 6BA3E08A2A1F4E9C008A034E /* looksgoodApp.swift */; };
		6BA3E08D2A1F4E9C008A034E /* ContentView.swift in Sources */ = {isa = PBXBuildFile; fileRef = 6BA3E08C2A1F4E9C008A034E /* ContentView.swift */; };
		6BA3E08F2A1F4E9D008A034E /* Assets.xcassets in Resources */ = {isa = PBXBuildFile; fileRef = 6BA3E08E2A1F4E9D008A034E /* Assets.xcassets */; };
		6BA3E0922A1F4E9D008A034E /* Preview Assets.xcassets in Resources */ = {isa = PBXBuildFile; fileRef = 6BA3E0912A1F4E9D008A034E /* Preview Assets.xcassets */; };
		6BA3E09C2A1F4E9D008A034E /* looksgoodTests.swift in Sources */ = {isa = PBXBuildFile; fileRef = 6BA3E09B2A1F4E9D008A034E /* looksgoodTests.swift */; };
		6BA3E0A62A1F4E9D008A034E /* looksgoodUITests.swift in Sources */ = {isa = PBXBuildFile; fileRef = 6BA3E0A52A1F4E9D008A034E /* looksgoodUITests.swift */; };
		6BA3E0A82A1F4E9D008A034E /* looksgoodUITestsLaunchTests.swift in Sources */ = {isa = PBXBuildFile; fileRef = 6BA3E0A72A1F4E9D008A034E /* looksgoodUITestsLaunchTests.swift */; };
/* End PBXBuildFile section */

/* Begin PBXContainerItemProxy section */
		6BA3E0982A1F4E9D008A034E /* PBXContainerItemProxy */ = {
			isa = PBXContainerItemProxy;
			containerPortal = 6BA3E07F2A1F4E9C008A034E /* Project object */;
			proxyType = 1;
			remoteGlobalIDString = 6BA3E0862A1F4E9C008A034E;
			remoteInfo = looksgood;
		};
		6BA3E0A22A1F4E9D008A034E /* PBXContainerItemProxy */ = {
			isa = PBXContainerItemProxy;
			containerPortal = 6BA3E07F2A1F4E9C008A034E /* Project object */;
			proxyType = 1;
			remoteGlobalIDString = 6BA3E0862A1F4E9C008A034E;
			remoteInfo = looksgood;
		};
/* End PBXContainerItemProxy section */

/* Begin PBXFileReference section */
		6B40B44A2A20C745004E4A21 /* GoogleService-Info.plist */ = {isa = PBXFileReference; fileEncoding = 4; lastKnownFileType = text.plist.xml; path = "GoogleService-Info.plist"; sourceTree = "<group>"; };
		6B40B4552A20C901004E4A21 /* AuthService.swift */ = {isa = PBXFileReference; lastKnownFileType = sourcecode.swift; path = AuthService.swift; sourceTree = "<group>"; };
		6B40B4582A20DAFC004E4A21 /* AuthenticationFormProtocol.swift */ = {isa = PBXFileReference; lastKnownFileType = sourcecode.swift; path = AuthenticationFormProtocol.swift; sourceTree = "<group>"; };
		6B40B45A2A20E83B004E4A21 /* MapSearchField.swift */ = {isa = PBXFileReference; lastKnownFileType = sourcecode.swift; path = MapSearchField.swift; sourceTree = "<group>"; };
		6B9D94622A1F7CA20001B07E /* HomeView.swift */ = {isa = PBXFileReference; lastKnownFileType = sourcecode.swift; path = HomeView.swift; sourceTree = "<group>"; };
		6B9D94652A1F7D0D0001B07E /* HomePublisher.swift */ = {isa = PBXFileReference; lastKnownFileType = sourcecode.swift; path = HomePublisher.swift; sourceTree = "<group>"; };
		6B9D946D2A1F846D0001B07E /* MapView.swift */ = {isa = PBXFileReference; lastKnownFileType = sourcecode.swift; path = MapView.swift; sourceTree = "<group>"; };
		6B9D946F2A1F84910001B07E /* MapPublisher.swift */ = {isa = PBXFileReference; lastKnownFileType = sourcecode.swift; path = MapPublisher.swift; sourceTree = "<group>"; };
		6B9D94722A1F877F0001B07E /* Color+Extension.swift */ = {isa = PBXFileReference; lastKnownFileType = sourcecode.swift; path = "Color+Extension.swift"; sourceTree = "<group>"; };
		6B9D94742A1F87B50001B07E /* View+Extension.swift */ = {isa = PBXFileReference; lastKnownFileType = sourcecode.swift; path = "View+Extension.swift"; sourceTree = "<group>"; };
		6B9D947A2A1F8C460001B07E /* LottieView.swift */ = {isa = PBXFileReference; lastKnownFileType = sourcecode.swift; path = LottieView.swift; sourceTree = "<group>"; };
		6B9D947F2A1F8D300001B07E /* LoginView.swift */ = {isa = PBXFileReference; lastKnownFileType = sourcecode.swift; path = LoginView.swift; sourceTree = "<group>"; };
		6B9D94852A1F8ECF0001B07E /* bunchOfFood.json */ = {isa = PBXFileReference; fileEncoding = 4; lastKnownFileType = text.json; path = bunchOfFood.json; sourceTree = "<group>"; };
		6B9D94892A1F900C0001B07E /* CustomTextField.swift */ = {isa = PBXFileReference; lastKnownFileType = sourcecode.swift; path = CustomTextField.swift; sourceTree = "<group>"; };
		6B9D948C2A1FC98A0001B07E /* RegisterView.swift */ = {isa = PBXFileReference; lastKnownFileType = sourcecode.swift; path = RegisterView.swift; sourceTree = "<group>"; };
		6B9D948E2A1FC9DE0001B07E /* phone.json */ = {isa = PBXFileReference; fileEncoding = 4; lastKnownFileType = text.json; path = phone.json; sourceTree = "<group>"; };
		6B9D94912A1FCA7F0001B07E /* PlainButton.swift */ = {isa = PBXFileReference; lastKnownFileType = sourcecode.swift; path = PlainButton.swift; sourceTree = "<group>"; };
		6B9D94932A1FCDA90001B07E /* String+Extension.swift */ = {isa = PBXFileReference; lastKnownFileType = sourcecode.swift; path = "String+Extension.swift"; sourceTree = "<group>"; };
		6B9D94962A1FCEEB0001B07E /* UserModel.swift */ = {isa = PBXFileReference; lastKnownFileType = sourcecode.swift; path = UserModel.swift; sourceTree = "<group>"; };
		6B9D94982A1FCF3F0001B07E /* RestaurantOwnerModel.swift */ = {isa = PBXFileReference; lastKnownFileType = sourcecode.swift; path = RestaurantOwnerModel.swift; sourceTree = "<group>"; };
		6B9D949A2A1FD0430001B07E /* RegisterPublisher.swift */ = {isa = PBXFileReference; lastKnownFileType = sourcecode.swift; path = RegisterPublisher.swift; sourceTree = "<group>"; };
		6BA3E0872A1F4E9C008A034E /* looksgood.app */ = {isa = PBXFileReference; explicitFileType = wrapper.application; includeInIndex = 0; path = looksgood.app; sourceTree = BUILT_PRODUCTS_DIR; };
		6BA3E08A2A1F4E9C008A034E /* looksgoodApp.swift */ = {isa = PBXFileReference; lastKnownFileType = sourcecode.swift; path = looksgoodApp.swift; sourceTree = "<group>"; };
		6BA3E08C2A1F4E9C008A034E /* ContentView.swift */ = {isa = PBXFileReference; lastKnownFileType = sourcecode.swift; path = ContentView.swift; sourceTree = "<group>"; };
		6BA3E08E2A1F4E9D008A034E /* Assets.xcassets */ = {isa = PBXFileReference; lastKnownFileType = folder.assetcatalog; path = Assets.xcassets; sourceTree = "<group>"; };
		6BA3E0912A1F4E9D008A034E /* Preview Assets.xcassets */ = {isa = PBXFileReference; lastKnownFileType = folder.assetcatalog; path = "Preview Assets.xcassets"; sourceTree = "<group>"; };
		6BA3E0972A1F4E9D008A034E /* looksgoodTests.xctest */ = {isa = PBXFileReference; explicitFileType = wrapper.cfbundle; includeInIndex = 0; path = looksgoodTests.xctest; sourceTree = BUILT_PRODUCTS_DIR; };
		6BA3E09B2A1F4E9D008A034E /* looksgoodTests.swift */ = {isa = PBXFileReference; lastKnownFileType = sourcecode.swift; path = looksgoodTests.swift; sourceTree = "<group>"; };
		6BA3E0A12A1F4E9D008A034E /* looksgoodUITests.xctest */ = {isa = PBXFileReference; explicitFileType = wrapper.cfbundle; includeInIndex = 0; path = looksgoodUITests.xctest; sourceTree = BUILT_PRODUCTS_DIR; };
		6BA3E0A52A1F4E9D008A034E /* looksgoodUITests.swift */ = {isa = PBXFileReference; lastKnownFileType = sourcecode.swift; path = looksgoodUITests.swift; sourceTree = "<group>"; };
		6BA3E0A72A1F4E9D008A034E /* looksgoodUITestsLaunchTests.swift */ = {isa = PBXFileReference; lastKnownFileType = sourcecode.swift; path = looksgoodUITestsLaunchTests.swift; sourceTree = "<group>"; };
/* End PBXFileReference section */

/* Begin PBXFrameworksBuildPhase section */
		6BA3E0842A1F4E9C008A034E /* Frameworks */ = {
			isa = PBXFrameworksBuildPhase;
			buildActionMask = 2147483647;
			files = (
				6B9D94782A1F8BFA0001B07E /* Lottie in Frameworks */,
				6B40B44E2A20C7F6004E4A21 /* FirebaseAuth in Frameworks */,
				6B40B4502A20C7F6004E4A21 /* FirebaseFirestore in Frameworks */,
				6B40B4542A20C7F6004E4A21 /* FirebaseStorage in Frameworks */,
				6B40B4522A20C7F6004E4A21 /* FirebaseFirestoreSwift in Frameworks */,
			);
			runOnlyForDeploymentPostprocessing = 0;
		};
		6BA3E0942A1F4E9D008A034E /* Frameworks */ = {
			isa = PBXFrameworksBuildPhase;
			buildActionMask = 2147483647;
			files = (
			);
			runOnlyForDeploymentPostprocessing = 0;
		};
		6BA3E09E2A1F4E9D008A034E /* Frameworks */ = {
			isa = PBXFrameworksBuildPhase;
			buildActionMask = 2147483647;
			files = (
			);
			runOnlyForDeploymentPostprocessing = 0;
		};
/* End PBXFrameworksBuildPhase section */

/* Begin PBXGroup section */
		6B40B4572A20DAEF004E4A21 /* Protocols */ = {
			isa = PBXGroup;
			children = (
				6B40B4582A20DAFC004E4A21 /* AuthenticationFormProtocol.swift */,
			);
			path = Protocols;
			sourceTree = "<group>";
		};
		6B9D94642A1F7CF60001B07E /* Home */ = {
			isa = PBXGroup;
			children = (
				6B9D94652A1F7D0D0001B07E /* HomePublisher.swift */,
				6B9D94622A1F7CA20001B07E /* HomeView.swift */,
			);
			path = Home;
			sourceTree = "<group>";
		};
		6B9D94672A1F84170001B07E /* Sources */ = {
			isa = PBXGroup;
			children = (
				6B40B4572A20DAEF004E4A21 /* Protocols */,
				6B9D94952A1FCEDF0001B07E /* Models */,
				6B9D94712A1F87730001B07E /* Extensions */,
				6B9D94692A1F84360001B07E /* Service */,
				6B9D94682A1F842B0001B07E /* Views */,
			);
			path = Sources;
			sourceTree = "<group>";
		};
		6B9D94682A1F842B0001B07E /* Views */ = {
			isa = PBXGroup;
			children = (
				6B9D94872A1F8FF20001B07E /* Common */,
				6B9D947D2A1F8D180001B07E /* Authentication */,
				6B9D94792A1F8C0C0001B07E /* Lottie */,
				6B9D946C2A1F84640001B07E /* Map */,
				6B9D94642A1F7CF60001B07E /* Home */,
			);
			path = Views;
			sourceTree = "<group>";
		};
		6B9D94692A1F84360001B07E /* Service */ = {
			isa = PBXGroup;
			children = (
			);
			path = Service;
			sourceTree = "<group>";
		};
		6B9D946C2A1F84640001B07E /* Map */ = {
			isa = PBXGroup;
			children = (
				6B9D946F2A1F84910001B07E /* MapPublisher.swift */,
				6B9D946D2A1F846D0001B07E /* MapView.swift */,
			);
			path = Map;
			sourceTree = "<group>";
		};
		6B9D94712A1F87730001B07E /* Extensions */ = {
			isa = PBXGroup;
			children = (
				6B9D94722A1F877F0001B07E /* Color+Extension.swift */,
				6B9D94742A1F87B50001B07E /* View+Extension.swift */,
				6B9D94932A1FCDA90001B07E /* String+Extension.swift */,
			);
			path = Extensions;
			sourceTree = "<group>";
		};
		6B9D94792A1F8C0C0001B07E /* Lottie */ = {
			isa = PBXGroup;
			children = (
				6B9D947A2A1F8C460001B07E /* LottieView.swift */,
				6B9D947C2A1F8C4D0001B07E /* LottieFiles */,
			);
			path = Lottie;
			sourceTree = "<group>";
		};
		6B9D947C2A1F8C4D0001B07E /* LottieFiles */ = {
			isa = PBXGroup;
			children = (
				6B9D948E2A1FC9DE0001B07E /* phone.json */,
				6B9D94852A1F8ECF0001B07E /* bunchOfFood.json */,
			);
			path = LottieFiles;
			sourceTree = "<group>";
		};
		6B9D947D2A1F8D180001B07E /* Authentication */ = {
			isa = PBXGroup;
			children = (
				6B9D948B2A1FC9740001B07E /* Register */,
				6B9D947E2A1F8D260001B07E /* Login */,
			);
			path = Authentication;
			sourceTree = "<group>";
		};
		6B9D947E2A1F8D260001B07E /* Login */ = {
			isa = PBXGroup;
			children = (
				6B9D947F2A1F8D300001B07E /* LoginView.swift */,
			);
			path = Login;
			sourceTree = "<group>";
		};
		6B9D94872A1F8FF20001B07E /* Common */ = {
			isa = PBXGroup;
			children = (
				6B9D94902A1FCA750001B07E /* Buttons */,
				6B9D94882A1F8FFB0001B07E /* TextFields */,
			);
			path = Common;
			sourceTree = "<group>";
		};
		6B9D94882A1F8FFB0001B07E /* TextFields */ = {
			isa = PBXGroup;
			children = (
				6B9D94892A1F900C0001B07E /* CustomTextField.swift */,
				6B40B45A2A20E83B004E4A21 /* MapSearchField.swift */,
			);
			path = TextFields;
			sourceTree = "<group>";
		};
		6B9D948B2A1FC9740001B07E /* Register */ = {
			isa = PBXGroup;
			children = (
				6B9D949A2A1FD0430001B07E /* RegisterPublisher.swift */,
				6B9D948C2A1FC98A0001B07E /* RegisterView.swift */,
			);
			path = Register;
			sourceTree = "<group>";
		};
		6B9D94902A1FCA750001B07E /* Buttons */ = {
			isa = PBXGroup;
			children = (
				6B9D94912A1FCA7F0001B07E /* PlainButton.swift */,
			);
			path = Buttons;
			sourceTree = "<group>";
		};
		6B9D94952A1FCEDF0001B07E /* Models */ = {
			isa = PBXGroup;
			children = (
				6B9D94962A1FCEEB0001B07E /* UserModel.swift */,
				6B9D94982A1FCF3F0001B07E /* RestaurantOwnerModel.swift */,
			);
			path = Models;
			sourceTree = "<group>";
		};
		6BA3E07E2A1F4E9C008A034E = {
			isa = PBXGroup;
			children = (
				6BA3E0892A1F4E9C008A034E /* looksgood */,
				6BA3E09A2A1F4E9D008A034E /* looksgoodTests */,
				6BA3E0A42A1F4E9D008A034E /* looksgoodUITests */,
				6BA3E0882A1F4E9C008A034E /* Products */,
			);
			sourceTree = "<group>";
		};
		6BA3E0882A1F4E9C008A034E /* Products */ = {
			isa = PBXGroup;
			children = (
				6BA3E0872A1F4E9C008A034E /* looksgood.app */,
				6BA3E0972A1F4E9D008A034E /* looksgoodTests.xctest */,
				6BA3E0A12A1F4E9D008A034E /* looksgoodUITests.xctest */,
			);
			name = Products;
			sourceTree = "<group>";
		};
		6BA3E0892A1F4E9C008A034E /* looksgood */ = {
			isa = PBXGroup;
			children = (
				6B9D94672A1F84170001B07E /* Sources */,
				6BA3E08A2A1F4E9C008A034E /* looksgoodApp.swift */,
				6BA3E08C2A1F4E9C008A034E /* ContentView.swift */,
				6B40B4552A20C901004E4A21 /* AuthService.swift */,
				6BA3E08E2A1F4E9D008A034E /* Assets.xcassets */,
				6B40B44A2A20C745004E4A21 /* GoogleService-Info.plist */,
				6BA3E0902A1F4E9D008A034E /* Preview Content */,
			);
			path = looksgood;
			sourceTree = "<group>";
		};
		6BA3E0902A1F4E9D008A034E /* Preview Content */ = {
			isa = PBXGroup;
			children = (
				6BA3E0912A1F4E9D008A034E /* Preview Assets.xcassets */,
			);
			path = "Preview Content";
			sourceTree = "<group>";
		};
		6BA3E09A2A1F4E9D008A034E /* looksgoodTests */ = {
			isa = PBXGroup;
			children = (
				6BA3E09B2A1F4E9D008A034E /* looksgoodTests.swift */,
			);
			path = looksgoodTests;
			sourceTree = "<group>";
		};
		6BA3E0A42A1F4E9D008A034E /* looksgoodUITests */ = {
			isa = PBXGroup;
			children = (
				6BA3E0A52A1F4E9D008A034E /* looksgoodUITests.swift */,
				6BA3E0A72A1F4E9D008A034E /* looksgoodUITestsLaunchTests.swift */,
			);
			path = looksgoodUITests;
			sourceTree = "<group>";
		};
/* End PBXGroup section */

/* Begin PBXNativeTarget section */
		6BA3E0862A1F4E9C008A034E /* looksgood */ = {
			isa = PBXNativeTarget;
			buildConfigurationList = 6BA3E0AB2A1F4E9D008A034E /* Build configuration list for PBXNativeTarget "looksgood" */;
			buildPhases = (
				6BA3E0832A1F4E9C008A034E /* Sources */,
				6BA3E0842A1F4E9C008A034E /* Frameworks */,
				6BA3E0852A1F4E9C008A034E /* Resources */,
			);
			buildRules = (
			);
			dependencies = (
			);
			name = looksgood;
			packageProductDependencies = (
				6B9D94772A1F8BFA0001B07E /* Lottie */,
				6B40B44D2A20C7F6004E4A21 /* FirebaseAuth */,
				6B40B44F2A20C7F6004E4A21 /* FirebaseFirestore */,
				6B40B4512A20C7F6004E4A21 /* FirebaseFirestoreSwift */,
				6B40B4532A20C7F6004E4A21 /* FirebaseStorage */,
			);
			productName = looksgood;
			productReference = 6BA3E0872A1F4E9C008A034E /* looksgood.app */;
			productType = "com.apple.product-type.application";
		};
		6BA3E0962A1F4E9D008A034E /* looksgoodTests */ = {
			isa = PBXNativeTarget;
			buildConfigurationList = 6BA3E0AE2A1F4E9D008A034E /* Build configuration list for PBXNativeTarget "looksgoodTests" */;
			buildPhases = (
				6BA3E0932A1F4E9D008A034E /* Sources */,
				6BA3E0942A1F4E9D008A034E /* Frameworks */,
				6BA3E0952A1F4E9D008A034E /* Resources */,
			);
			buildRules = (
			);
			dependencies = (
				6BA3E0992A1F4E9D008A034E /* PBXTargetDependency */,
			);
			name = looksgoodTests;
			productName = looksgoodTests;
			productReference = 6BA3E0972A1F4E9D008A034E /* looksgoodTests.xctest */;
			productType = "com.apple.product-type.bundle.unit-test";
		};
		6BA3E0A02A1F4E9D008A034E /* looksgoodUITests */ = {
			isa = PBXNativeTarget;
			buildConfigurationList = 6BA3E0B12A1F4E9D008A034E /* Build configuration list for PBXNativeTarget "looksgoodUITests" */;
			buildPhases = (
				6BA3E09D2A1F4E9D008A034E /* Sources */,
				6BA3E09E2A1F4E9D008A034E /* Frameworks */,
				6BA3E09F2A1F4E9D008A034E /* Resources */,
			);
			buildRules = (
			);
			dependencies = (
				6BA3E0A32A1F4E9D008A034E /* PBXTargetDependency */,
			);
			name = looksgoodUITests;
			productName = looksgoodUITests;
			productReference = 6BA3E0A12A1F4E9D008A034E /* looksgoodUITests.xctest */;
			productType = "com.apple.product-type.bundle.ui-testing";
		};
/* End PBXNativeTarget section */

/* Begin PBXProject section */
		6BA3E07F2A1F4E9C008A034E /* Project object */ = {
			isa = PBXProject;
			attributes = {
				BuildIndependentTargetsInParallel = 1;
				LastSwiftUpdateCheck = 1420;
				LastUpgradeCheck = 1420;
				TargetAttributes = {
					6BA3E0862A1F4E9C008A034E = {
						CreatedOnToolsVersion = 14.2;
					};
					6BA3E0962A1F4E9D008A034E = {
						CreatedOnToolsVersion = 14.2;
						TestTargetID = 6BA3E0862A1F4E9C008A034E;
					};
					6BA3E0A02A1F4E9D008A034E = {
						CreatedOnToolsVersion = 14.2;
						TestTargetID = 6BA3E0862A1F4E9C008A034E;
					};
				};
			};
			buildConfigurationList = 6BA3E0822A1F4E9C008A034E /* Build configuration list for PBXProject "looksgood" */;
			compatibilityVersion = "Xcode 14.0";
			developmentRegion = en;
			hasScannedForEncodings = 0;
			knownRegions = (
				en,
				Base,
			);
			mainGroup = 6BA3E07E2A1F4E9C008A034E;
			packageReferences = (
				6B9D94762A1F8BFA0001B07E /* XCRemoteSwiftPackageReference "lottie-ios" */,
				6B40B44C2A20C7F6004E4A21 /* XCRemoteSwiftPackageReference "firebase-ios-sdk" */,
			);
			productRefGroup = 6BA3E0882A1F4E9C008A034E /* Products */;
			projectDirPath = "";
			projectRoot = "";
			targets = (
				6BA3E0862A1F4E9C008A034E /* looksgood */,
				6BA3E0962A1F4E9D008A034E /* looksgoodTests */,
				6BA3E0A02A1F4E9D008A034E /* looksgoodUITests */,
			);
		};
/* End PBXProject section */

/* Begin PBXResourcesBuildPhase section */
		6BA3E0852A1F4E9C008A034E /* Resources */ = {
			isa = PBXResourcesBuildPhase;
			buildActionMask = 2147483647;
			files = (
				6B9D948F2A1FC9DE0001B07E /* phone.json in Resources */,
				6B9D94862A1F8ECF0001B07E /* bunchOfFood.json in Resources */,
				6B40B44B2A20C745004E4A21 /* GoogleService-Info.plist in Resources */,
				6BA3E0922A1F4E9D008A034E /* Preview Assets.xcassets in Resources */,
				6BA3E08F2A1F4E9D008A034E /* Assets.xcassets in Resources */,
			);
			runOnlyForDeploymentPostprocessing = 0;
		};
		6BA3E0952A1F4E9D008A034E /* Resources */ = {
			isa = PBXResourcesBuildPhase;
			buildActionMask = 2147483647;
			files = (
			);
			runOnlyForDeploymentPostprocessing = 0;
		};
		6BA3E09F2A1F4E9D008A034E /* Resources */ = {
			isa = PBXResourcesBuildPhase;
			buildActionMask = 2147483647;
			files = (
			);
			runOnlyForDeploymentPostprocessing = 0;
		};
/* End PBXResourcesBuildPhase section */

/* Begin PBXSourcesBuildPhase section */
		6BA3E0832A1F4E9C008A034E /* Sources */ = {
			isa = PBXSourcesBuildPhase;
			buildActionMask = 2147483647;
			files = (
				6B9D94632A1F7CA20001B07E /* HomeView.swift in Sources */,
				6B9D949B2A1FD0430001B07E /* RegisterPublisher.swift in Sources */,
				6B9D948A2A1F900C0001B07E /* CustomTextField.swift in Sources */,
				6B9D94732A1F877F0001B07E /* Color+Extension.swift in Sources */,
				6B9D947B2A1F8C460001B07E /* LottieView.swift in Sources */,
				6B9D94752A1F87B50001B07E /* View+Extension.swift in Sources */,
				6B9D948D2A1FC98A0001B07E /* RegisterView.swift in Sources */,
				6B9D94662A1F7D0D0001B07E /* HomePublisher.swift in Sources */,
				6B40B4592A20DAFC004E4A21 /* AuthenticationFormProtocol.swift in Sources */,
				6B9D946E2A1F846D0001B07E /* MapView.swift in Sources */,
				6B9D94942A1FCDA90001B07E /* String+Extension.swift in Sources */,
				6B9D94702A1F84910001B07E /* MapPublisher.swift in Sources */,
				6B9D94992A1FCF3F0001B07E /* RestaurantOwnerModel.swift in Sources */,
				6BA3E08D2A1F4E9C008A034E /* ContentView.swift in Sources */,
				6B9D94802A1F8D300001B07E /* LoginView.swift in Sources */,
				6B40B45B2A20E83B004E4A21 /* MapSearchField.swift in Sources */,
				6BA3E08B2A1F4E9C008A034E /* looksgoodApp.swift in Sources */,
				6B9D94972A1FCEEB0001B07E /* UserModel.swift in Sources */,
				6B40B4562A20C901004E4A21 /* AuthService.swift in Sources */,
				6B9D94922A1FCA7F0001B07E /* PlainButton.swift in Sources */,
			);
			runOnlyForDeploymentPostprocessing = 0;
		};
		6BA3E0932A1F4E9D008A034E /* Sources */ = {
			isa = PBXSourcesBuildPhase;
			buildActionMask = 2147483647;
			files = (
				6BA3E09C2A1F4E9D008A034E /* looksgoodTests.swift in Sources */,
			);
			runOnlyForDeploymentPostprocessing = 0;
		};
		6BA3E09D2A1F4E9D008A034E /* Sources */ = {
			isa = PBXSourcesBuildPhase;
			buildActionMask = 2147483647;
			files = (
				6BA3E0A82A1F4E9D008A034E /* looksgoodUITestsLaunchTests.swift in Sources */,
				6BA3E0A62A1F4E9D008A034E /* looksgoodUITests.swift in Sources */,
			);
			runOnlyForDeploymentPostprocessing = 0;
		};
/* End PBXSourcesBuildPhase section */

/* Begin PBXTargetDependency section */
		6BA3E0992A1F4E9D008A034E /* PBXTargetDependency */ = {
			isa = PBXTargetDependency;
			target = 6BA3E0862A1F4E9C008A034E /* looksgood */;
			targetProxy = 6BA3E0982A1F4E9D008A034E /* PBXContainerItemProxy */;
		};
		6BA3E0A32A1F4E9D008A034E /* PBXTargetDependency */ = {
			isa = PBXTargetDependency;
			target = 6BA3E0862A1F4E9C008A034E /* looksgood */;
			targetProxy = 6BA3E0A22A1F4E9D008A034E /* PBXContainerItemProxy */;
		};
/* End PBXTargetDependency section */

/* Begin XCBuildConfiguration section */
		6BA3E0A92A1F4E9D008A034E /* Debug */ = {
			isa = XCBuildConfiguration;
			buildSettings = {
				ALWAYS_SEARCH_USER_PATHS = NO;
				CLANG_ANALYZER_NONNULL = YES;
				CLANG_ANALYZER_NUMBER_OBJECT_CONVERSION = YES_AGGRESSIVE;
				CLANG_CXX_LANGUAGE_STANDARD = "gnu++20";
				CLANG_ENABLE_MODULES = YES;
				CLANG_ENABLE_OBJC_ARC = YES;
				CLANG_ENABLE_OBJC_WEAK = YES;
				CLANG_WARN_BLOCK_CAPTURE_AUTORELEASING = YES;
				CLANG_WARN_BOOL_CONVERSION = YES;
				CLANG_WARN_COMMA = YES;
				CLANG_WARN_CONSTANT_CONVERSION = YES;
				CLANG_WARN_DEPRECATED_OBJC_IMPLEMENTATIONS = YES;
				CLANG_WARN_DIRECT_OBJC_ISA_USAGE = YES_ERROR;
				CLANG_WARN_DOCUMENTATION_COMMENTS = YES;
				CLANG_WARN_EMPTY_BODY = YES;
				CLANG_WARN_ENUM_CONVERSION = YES;
				CLANG_WARN_INFINITE_RECURSION = YES;
				CLANG_WARN_INT_CONVERSION = YES;
				CLANG_WARN_NON_LITERAL_NULL_CONVERSION = YES;
				CLANG_WARN_OBJC_IMPLICIT_RETAIN_SELF = YES;
				CLANG_WARN_OBJC_LITERAL_CONVERSION = YES;
				CLANG_WARN_OBJC_ROOT_CLASS = YES_ERROR;
				CLANG_WARN_QUOTED_INCLUDE_IN_FRAMEWORK_HEADER = YES;
				CLANG_WARN_RANGE_LOOP_ANALYSIS = YES;
				CLANG_WARN_STRICT_PROTOTYPES = YES;
				CLANG_WARN_SUSPICIOUS_MOVE = YES;
				CLANG_WARN_UNGUARDED_AVAILABILITY = YES_AGGRESSIVE;
				CLANG_WARN_UNREACHABLE_CODE = YES;
				CLANG_WARN__DUPLICATE_METHOD_MATCH = YES;
				COPY_PHASE_STRIP = NO;
				DEBUG_INFORMATION_FORMAT = dwarf;
				ENABLE_STRICT_OBJC_MSGSEND = YES;
				ENABLE_TESTABILITY = YES;
				GCC_C_LANGUAGE_STANDARD = gnu11;
				GCC_DYNAMIC_NO_PIC = NO;
				GCC_NO_COMMON_BLOCKS = YES;
				GCC_OPTIMIZATION_LEVEL = 0;
				GCC_PREPROCESSOR_DEFINITIONS = (
					"DEBUG=1",
					"$(inherited)",
				);
				GCC_WARN_64_TO_32_BIT_CONVERSION = YES;
				GCC_WARN_ABOUT_RETURN_TYPE = YES_ERROR;
				GCC_WARN_UNDECLARED_SELECTOR = YES;
				GCC_WARN_UNINITIALIZED_AUTOS = YES_AGGRESSIVE;
				GCC_WARN_UNUSED_FUNCTION = YES;
				GCC_WARN_UNUSED_VARIABLE = YES;
				IPHONEOS_DEPLOYMENT_TARGET = 16.2;
				MTL_ENABLE_DEBUG_INFO = INCLUDE_SOURCE;
				MTL_FAST_MATH = YES;
				ONLY_ACTIVE_ARCH = YES;
				SDKROOT = iphoneos;
				SWIFT_ACTIVE_COMPILATION_CONDITIONS = DEBUG;
				SWIFT_OPTIMIZATION_LEVEL = "-Onone";
			};
			name = Debug;
		};
		6BA3E0AA2A1F4E9D008A034E /* Release */ = {
			isa = XCBuildConfiguration;
			buildSettings = {
				ALWAYS_SEARCH_USER_PATHS = NO;
				CLANG_ANALYZER_NONNULL = YES;
				CLANG_ANALYZER_NUMBER_OBJECT_CONVERSION = YES_AGGRESSIVE;
				CLANG_CXX_LANGUAGE_STANDARD = "gnu++20";
				CLANG_ENABLE_MODULES = YES;
				CLANG_ENABLE_OBJC_ARC = YES;
				CLANG_ENABLE_OBJC_WEAK = YES;
				CLANG_WARN_BLOCK_CAPTURE_AUTORELEASING = YES;
				CLANG_WARN_BOOL_CONVERSION = YES;
				CLANG_WARN_COMMA = YES;
				CLANG_WARN_CONSTANT_CONVERSION = YES;
				CLANG_WARN_DEPRECATED_OBJC_IMPLEMENTATIONS = YES;
				CLANG_WARN_DIRECT_OBJC_ISA_USAGE = YES_ERROR;
				CLANG_WARN_DOCUMENTATION_COMMENTS = YES;
				CLANG_WARN_EMPTY_BODY = YES;
				CLANG_WARN_ENUM_CONVERSION = YES;
				CLANG_WARN_INFINITE_RECURSION = YES;
				CLANG_WARN_INT_CONVERSION = YES;
				CLANG_WARN_NON_LITERAL_NULL_CONVERSION = YES;
				CLANG_WARN_OBJC_IMPLICIT_RETAIN_SELF = YES;
				CLANG_WARN_OBJC_LITERAL_CONVERSION = YES;
				CLANG_WARN_OBJC_ROOT_CLASS = YES_ERROR;
				CLANG_WARN_QUOTED_INCLUDE_IN_FRAMEWORK_HEADER = YES;
				CLANG_WARN_RANGE_LOOP_ANALYSIS = YES;
				CLANG_WARN_STRICT_PROTOTYPES = YES;
				CLANG_WARN_SUSPICIOUS_MOVE = YES;
				CLANG_WARN_UNGUARDED_AVAILABILITY = YES_AGGRESSIVE;
				CLANG_WARN_UNREACHABLE_CODE = YES;
				CLANG_WARN__DUPLICATE_METHOD_MATCH = YES;
				COPY_PHASE_STRIP = NO;
				DEBUG_INFORMATION_FORMAT = "dwarf-with-dsym";
				ENABLE_NS_ASSERTIONS = NO;
				ENABLE_STRICT_OBJC_MSGSEND = YES;
				GCC_C_LANGUAGE_STANDARD = gnu11;
				GCC_NO_COMMON_BLOCKS = YES;
				GCC_WARN_64_TO_32_BIT_CONVERSION = YES;
				GCC_WARN_ABOUT_RETURN_TYPE = YES_ERROR;
				GCC_WARN_UNDECLARED_SELECTOR = YES;
				GCC_WARN_UNINITIALIZED_AUTOS = YES_AGGRESSIVE;
				GCC_WARN_UNUSED_FUNCTION = YES;
				GCC_WARN_UNUSED_VARIABLE = YES;
				IPHONEOS_DEPLOYMENT_TARGET = 16.2;
				MTL_ENABLE_DEBUG_INFO = NO;
				MTL_FAST_MATH = YES;
				SDKROOT = iphoneos;
				SWIFT_COMPILATION_MODE = wholemodule;
				SWIFT_OPTIMIZATION_LEVEL = "-O";
				VALIDATE_PRODUCT = YES;
			};
			name = Release;
		};
		6BA3E0AC2A1F4E9D008A034E /* Debug */ = {
			isa = XCBuildConfiguration;
			buildSettings = {
				ASSETCATALOG_COMPILER_APPICON_NAME = AppIcon;
				ASSETCATALOG_COMPILER_GLOBAL_ACCENT_COLOR_NAME = AccentColor;
				CODE_SIGN_STYLE = Automatic;
				CURRENT_PROJECT_VERSION = 1;
				DEVELOPMENT_ASSET_PATHS = "\"looksgood/Preview Content\"";
				DEVELOPMENT_TEAM = 3P5872A6DS;
				ENABLE_PREVIEWS = YES;
				GENERATE_INFOPLIST_FILE = YES;
				INFOPLIST_KEY_NSLocationWhenInUseUsageDescription = "For optimal experience, enable your location";
				INFOPLIST_KEY_UIApplicationSceneManifest_Generation = YES;
				INFOPLIST_KEY_UIApplicationSupportsIndirectInputEvents = YES;
				INFOPLIST_KEY_UILaunchScreen_Generation = YES;
				INFOPLIST_KEY_UISupportedInterfaceOrientations_iPad = "UIInterfaceOrientationPortrait UIInterfaceOrientationPortraitUpsideDown UIInterfaceOrientationLandscapeLeft UIInterfaceOrientationLandscapeRight";
				INFOPLIST_KEY_UISupportedInterfaceOrientations_iPhone = "UIInterfaceOrientationPortrait UIInterfaceOrientationLandscapeLeft UIInterfaceOrientationLandscapeRight";
				IPHONEOS_DEPLOYMENT_TARGET = 16.0;
				LD_RUNPATH_SEARCH_PATHS = (
					"$(inherited)",
					"@executable_path/Frameworks",
				);
				MARKETING_VERSION = 1.0;
				PRODUCT_BUNDLE_IDENTIFIER = com.michalmichalik.looksgood;
				PRODUCT_NAME = "$(TARGET_NAME)";
				SWIFT_EMIT_LOC_STRINGS = YES;
				SWIFT_VERSION = 5.0;
				TARGETED_DEVICE_FAMILY = "1,2";
			};
			name = Debug;
		};
		6BA3E0AD2A1F4E9D008A034E /* Release */ = {
			isa = XCBuildConfiguration;
			buildSettings = {
				ASSETCATALOG_COMPILER_APPICON_NAME = AppIcon;
				ASSETCATALOG_COMPILER_GLOBAL_ACCENT_COLOR_NAME = AccentColor;
				CODE_SIGN_STYLE = Automatic;
				CURRENT_PROJECT_VERSION = 1;
				DEVELOPMENT_ASSET_PATHS = "\"looksgood/Preview Content\"";
				DEVELOPMENT_TEAM = 3P5872A6DS;
				ENABLE_PREVIEWS = YES;
				GENERATE_INFOPLIST_FILE = YES;
				INFOPLIST_KEY_NSLocationWhenInUseUsageDescription = "For optimal experience, enable your location";
				INFOPLIST_KEY_UIApplicationSceneManifest_Generation = YES;
				INFOPLIST_KEY_UIApplicationSupportsIndirectInputEvents = YES;
				INFOPLIST_KEY_UILaunchScreen_Generation = YES;
				INFOPLIST_KEY_UISupportedInterfaceOrientations_iPad = "UIInterfaceOrientationPortrait UIInterfaceOrientationPortraitUpsideDown UIInterfaceOrientationLandscapeLeft UIInterfaceOrientationLandscapeRight";
				INFOPLIST_KEY_UISupportedInterfaceOrientations_iPhone = "UIInterfaceOrientationPortrait UIInterfaceOrientationLandscapeLeft UIInterfaceOrientationLandscapeRight";
				IPHONEOS_DEPLOYMENT_TARGET = 16.0;
				LD_RUNPATH_SEARCH_PATHS = (
					"$(inherited)",
					"@executable_path/Frameworks",
				);
				MARKETING_VERSION = 1.0;
				PRODUCT_BUNDLE_IDENTIFIER = com.michalmichalik.looksgood;
				PRODUCT_NAME = "$(TARGET_NAME)";
				SWIFT_EMIT_LOC_STRINGS = YES;
				SWIFT_VERSION = 5.0;
				TARGETED_DEVICE_FAMILY = "1,2";
			};
			name = Release;
		};
		6BA3E0AF2A1F4E9D008A034E /* Debug */ = {
			isa = XCBuildConfiguration;
			buildSettings = {
				ALWAYS_EMBED_SWIFT_STANDARD_LIBRARIES = YES;
				BUNDLE_LOADER = "$(TEST_HOST)";
				CODE_SIGN_STYLE = Automatic;
				CURRENT_PROJECT_VERSION = 1;
				DEVELOPMENT_TEAM = 3P5872A6DS;
				GENERATE_INFOPLIST_FILE = YES;
				IPHONEOS_DEPLOYMENT_TARGET = 16.2;
				MARKETING_VERSION = 1.0;
				PRODUCT_BUNDLE_IDENTIFIER = com.michalmichalik.looksgoodTests;
				PRODUCT_NAME = "$(TARGET_NAME)";
				SWIFT_EMIT_LOC_STRINGS = NO;
				SWIFT_VERSION = 5.0;
				TARGETED_DEVICE_FAMILY = "1,2";
				TEST_HOST = "$(BUILT_PRODUCTS_DIR)/looksgood.app/$(BUNDLE_EXECUTABLE_FOLDER_PATH)/looksgood";
			};
			name = Debug;
		};
		6BA3E0B02A1F4E9D008A034E /* Release */ = {
			isa = XCBuildConfiguration;
			buildSettings = {
				ALWAYS_EMBED_SWIFT_STANDARD_LIBRARIES = YES;
				BUNDLE_LOADER = "$(TEST_HOST)";
				CODE_SIGN_STYLE = Automatic;
				CURRENT_PROJECT_VERSION = 1;
				DEVELOPMENT_TEAM = 3P5872A6DS;
				GENERATE_INFOPLIST_FILE = YES;
				IPHONEOS_DEPLOYMENT_TARGET = 16.2;
				MARKETING_VERSION = 1.0;
				PRODUCT_BUNDLE_IDENTIFIER = com.michalmichalik.looksgoodTests;
				PRODUCT_NAME = "$(TARGET_NAME)";
				SWIFT_EMIT_LOC_STRINGS = NO;
				SWIFT_VERSION = 5.0;
				TARGETED_DEVICE_FAMILY = "1,2";
				TEST_HOST = "$(BUILT_PRODUCTS_DIR)/looksgood.app/$(BUNDLE_EXECUTABLE_FOLDER_PATH)/looksgood";
			};
			name = Release;
		};
		6BA3E0B22A1F4E9D008A034E /* Debug */ = {
			isa = XCBuildConfiguration;
			buildSettings = {
				ALWAYS_EMBED_SWIFT_STANDARD_LIBRARIES = YES;
				CODE_SIGN_STYLE = Automatic;
				CURRENT_PROJECT_VERSION = 1;
				DEVELOPMENT_TEAM = 3P5872A6DS;
				GENERATE_INFOPLIST_FILE = YES;
				MARKETING_VERSION = 1.0;
				PRODUCT_BUNDLE_IDENTIFIER = com.michalmichalik.looksgoodUITests;
				PRODUCT_NAME = "$(TARGET_NAME)";
				SWIFT_EMIT_LOC_STRINGS = NO;
				SWIFT_VERSION = 5.0;
				TARGETED_DEVICE_FAMILY = "1,2";
				TEST_TARGET_NAME = looksgood;
			};
			name = Debug;
		};
		6BA3E0B32A1F4E9D008A034E /* Release */ = {
			isa = XCBuildConfiguration;
			buildSettings = {
				ALWAYS_EMBED_SWIFT_STANDARD_LIBRARIES = YES;
				CODE_SIGN_STYLE = Automatic;
				CURRENT_PROJECT_VERSION = 1;
				DEVELOPMENT_TEAM = 3P5872A6DS;
				GENERATE_INFOPLIST_FILE = YES;
				MARKETING_VERSION = 1.0;
				PRODUCT_BUNDLE_IDENTIFIER = com.michalmichalik.looksgoodUITests;
				PRODUCT_NAME = "$(TARGET_NAME)";
				SWIFT_EMIT_LOC_STRINGS = NO;
				SWIFT_VERSION = 5.0;
				TARGETED_DEVICE_FAMILY = "1,2";
				TEST_TARGET_NAME = looksgood;
			};
			name = Release;
		};
/* End XCBuildConfiguration section */

/* Begin XCConfigurationList section */
		6BA3E0822A1F4E9C008A034E /* Build configuration list for PBXProject "looksgood" */ = {
			isa = XCConfigurationList;
			buildConfigurations = (
				6BA3E0A92A1F4E9D008A034E /* Debug */,
				6BA3E0AA2A1F4E9D008A034E /* Release */,
			);
			defaultConfigurationIsVisible = 0;
			defaultConfigurationName = Release;
		};
		6BA3E0AB2A1F4E9D008A034E /* Build configuration list for PBXNativeTarget "looksgood" */ = {
			isa = XCConfigurationList;
			buildConfigurations = (
				6BA3E0AC2A1F4E9D008A034E /* Debug */,
				6BA3E0AD2A1F4E9D008A034E /* Release */,
			);
			defaultConfigurationIsVisible = 0;
			defaultConfigurationName = Release;
		};
		6BA3E0AE2A1F4E9D008A034E /* Build configuration list for PBXNativeTarget "looksgoodTests" */ = {
			isa = XCConfigurationList;
			buildConfigurations = (
				6BA3E0AF2A1F4E9D008A034E /* Debug */,
				6BA3E0B02A1F4E9D008A034E /* Release */,
			);
			defaultConfigurationIsVisible = 0;
			defaultConfigurationName = Release;
		};
		6BA3E0B12A1F4E9D008A034E /* Build configuration list for PBXNativeTarget "looksgoodUITests" */ = {
			isa = XCConfigurationList;
			buildConfigurations = (
				6BA3E0B22A1F4E9D008A034E /* Debug */,
				6BA3E0B32A1F4E9D008A034E /* Release */,
			);
			defaultConfigurationIsVisible = 0;
			defaultConfigurationName = Release;
		};
/* End XCConfigurationList section */

/* Begin XCRemoteSwiftPackageReference section */
		6B40B44C2A20C7F6004E4A21 /* XCRemoteSwiftPackageReference "firebase-ios-sdk" */ = {
			isa = XCRemoteSwiftPackageReference;
			repositoryURL = "https://github.com/firebase/firebase-ios-sdk";
			requirement = {
				kind = upToNextMajorVersion;
				minimumVersion = 10.0.0;
			};
		};
		6B9D94762A1F8BFA0001B07E /* XCRemoteSwiftPackageReference "lottie-ios" */ = {
			isa = XCRemoteSwiftPackageReference;
			repositoryURL = "https://github.com/airbnb/lottie-ios.git";
			requirement = {
				branch = master;
				kind = branch;
			};
		};
/* End XCRemoteSwiftPackageReference section */

/* Begin XCSwiftPackageProductDependency section */
		6B40B44D2A20C7F6004E4A21 /* FirebaseAuth */ = {
			isa = XCSwiftPackageProductDependency;
			package = 6B40B44C2A20C7F6004E4A21 /* XCRemoteSwiftPackageReference "firebase-ios-sdk" */;
			productName = FirebaseAuth;
		};
		6B40B44F2A20C7F6004E4A21 /* FirebaseFirestore */ = {
			isa = XCSwiftPackageProductDependency;
			package = 6B40B44C2A20C7F6004E4A21 /* XCRemoteSwiftPackageReference "firebase-ios-sdk" */;
			productName = FirebaseFirestore;
		};
		6B40B4512A20C7F6004E4A21 /* FirebaseFirestoreSwift */ = {
			isa = XCSwiftPackageProductDependency;
			package = 6B40B44C2A20C7F6004E4A21 /* XCRemoteSwiftPackageReference "firebase-ios-sdk" */;
			productName = FirebaseFirestoreSwift;
		};
		6B40B4532A20C7F6004E4A21 /* FirebaseStorage */ = {
			isa = XCSwiftPackageProductDependency;
			package = 6B40B44C2A20C7F6004E4A21 /* XCRemoteSwiftPackageReference "firebase-ios-sdk" */;
			productName = FirebaseStorage;
		};
		6B9D94772A1F8BFA0001B07E /* Lottie */ = {
			isa = XCSwiftPackageProductDependency;
			package = 6B9D94762A1F8BFA0001B07E /* XCRemoteSwiftPackageReference "lottie-ios" */;
			productName = Lottie;
		};
/* End XCSwiftPackageProductDependency section */
	};
	rootObject = 6BA3E07F2A1F4E9C008A034E /* Project object */;
}
