// !$*UTF8*$!
{
	archiveVersion = 1;
	classes = {
	};
	objectVersion = 56;
	objects = {

/* Begin PBXBuildFile section */
		196313D6E06BDB85280E1060 /* Pods_looksgoodTests.framework in Frameworks */ = {isa = PBXBuildFile; fileRef = 385F616B3ACEE24A67B77641 /* Pods_looksgoodTests.framework */; };
		4B56958CBD4A808C07CD01B2 /* Pods_looksgood_looksgoodUITests.framework in Frameworks */ = {isa = PBXBuildFile; fileRef = 3241B0B64C3F2E5B81EE6BFB /* Pods_looksgood_looksgoodUITests.framework */; };
		6B1792432A2511F7007965FE /* AppState.swift in Sources */ = {isa = PBXBuildFile; fileRef = 6B1792422A2511F7007965FE /* AppState.swift */; };
		6B29269C2A24966300A50C35 /* GoogleMapView.swift in Sources */ = {isa = PBXBuildFile; fileRef = 6B29269B2A24966300A50C35 /* GoogleMapView.swift */; };
		6B29269E2A2497AF00A50C35 /* LocationManager.swift in Sources */ = {isa = PBXBuildFile; fileRef = 6B29269D2A2497AF00A50C35 /* LocationManager.swift */; };
		6B2926A02A24988D00A50C35 /* PlacesService.swift in Sources */ = {isa = PBXBuildFile; fileRef = 6B29269F2A24988D00A50C35 /* PlacesService.swift */; };
		6B40B44B2A20C745004E4A21 /* GoogleService-Info.plist in Resources */ = {isa = PBXBuildFile; fileRef = 6B40B44A2A20C745004E4A21 /* GoogleService-Info.plist */; };
		6B40B44E2A20C7F6004E4A21 /* FirebaseAuth in Frameworks */ = {isa = PBXBuildFile; productRef = 6B40B44D2A20C7F6004E4A21 /* FirebaseAuth */; };
		6B40B4502A20C7F6004E4A21 /* FirebaseFirestore in Frameworks */ = {isa = PBXBuildFile; productRef = 6B40B44F2A20C7F6004E4A21 /* FirebaseFirestore */; };
		6B40B4522A20C7F6004E4A21 /* FirebaseFirestoreSwift in Frameworks */ = {isa = PBXBuildFile; productRef = 6B40B4512A20C7F6004E4A21 /* FirebaseFirestoreSwift */; };
		6B40B4542A20C7F6004E4A21 /* FirebaseStorage in Frameworks */ = {isa = PBXBuildFile; productRef = 6B40B4532A20C7F6004E4A21 /* FirebaseStorage */; };
		6B40B4562A20C901004E4A21 /* AuthService.swift in Sources */ = {isa = PBXBuildFile; fileRef = 6B40B4552A20C901004E4A21 /* AuthService.swift */; };
		6B40B4592A20DAFC004E4A21 /* AuthenticationFormProtocol.swift in Sources */ = {isa = PBXBuildFile; fileRef = 6B40B4582A20DAFC004E4A21 /* AuthenticationFormProtocol.swift */; };
		6B40B45B2A20E83B004E4A21 /* MapSearchField.swift in Sources */ = {isa = PBXBuildFile; fileRef = 6B40B45A2A20E83B004E4A21 /* MapSearchField.swift */; };
		6B40B45E2A210272004E4A21 /* NavigationModalBarView.swift in Sources */ = {isa = PBXBuildFile; fileRef = 6B40B45D2A210272004E4A21 /* NavigationModalBarView.swift */; };
		6B40B4602A21078B004E4A21 /* UINavigationController+Extension.swift in Sources */ = {isa = PBXBuildFile; fileRef = 6B40B45F2A21078B004E4A21 /* UINavigationController+Extension.swift */; };
		6B40B4632A2107EB004E4A21 /* AccountTypeView.swift in Sources */ = {isa = PBXBuildFile; fileRef = 6B40B4622A2107EB004E4A21 /* AccountTypeView.swift */; };
		6B40B4652A210B7B004E4A21 /* PlainLabel.swift in Sources */ = {isa = PBXBuildFile; fileRef = 6B40B4642A210B7B004E4A21 /* PlainLabel.swift */; };
		6B40B4682A210D53004E4A21 /* PlainButtonStyle.swift in Sources */ = {isa = PBXBuildFile; fileRef = 6B40B4672A210D53004E4A21 /* PlainButtonStyle.swift */; };
		6B40B46A2A210E53004E4A21 /* PlainLabelButton.swift in Sources */ = {isa = PBXBuildFile; fileRef = 6B40B4692A210E53004E4A21 /* PlainLabelButton.swift */; };
		6B40B46C2A21114C004E4A21 /* confirmingOrder.json in Resources */ = {isa = PBXBuildFile; fileRef = 6B40B46B2A21114C004E4A21 /* confirmingOrder.json */; };
		6B40B46E2A21123E004E4A21 /* BackNavigationButton.swift in Sources */ = {isa = PBXBuildFile; fileRef = 6B40B46D2A21123E004E4A21 /* BackNavigationButton.swift */; };
		6B40B4702A21EE8D004E4A21 /* AccountTypePublisher.swift in Sources */ = {isa = PBXBuildFile; fileRef = 6B40B46F2A21EE8D004E4A21 /* AccountTypePublisher.swift */; };
		6B40B4732A21F342004E4A21 /* ProfileView.swift in Sources */ = {isa = PBXBuildFile; fileRef = 6B40B4722A21F342004E4A21 /* ProfileView.swift */; };
		6B40B4762A220384004E4A21 /* SettingsCell.swift in Sources */ = {isa = PBXBuildFile; fileRef = 6B40B4752A220384004E4A21 /* SettingsCell.swift */; };
		6B40B4782A220C16004E4A21 /* AccountSettingsView.swift in Sources */ = {isa = PBXBuildFile; fileRef = 6B40B4772A220C16004E4A21 /* AccountSettingsView.swift */; };
		6B40B47B2A22852D004E4A21 /* BottomTabView.swift in Sources */ = {isa = PBXBuildFile; fileRef = 6B40B47A2A22852D004E4A21 /* BottomTabView.swift */; };
		6B40B4802A23C68A004E4A21 /* RestaurantPanelView.swift in Sources */ = {isa = PBXBuildFile; fileRef = 6B40B47F2A23C68A004E4A21 /* RestaurantPanelView.swift */; };
		6B40B4862A23C852004E4A21 /* hello.json in Resources */ = {isa = PBXBuildFile; fileRef = 6B40B4852A23C852004E4A21 /* hello.json */; };
		6B40B4882A247FF2004E4A21 /* MapsService.swift in Sources */ = {isa = PBXBuildFile; fileRef = 6B40B4872A247FF2004E4A21 /* MapsService.swift */; };
		6B8604EF2A2B24CA0095B796 /* SearchRestaurantCell.swift in Sources */ = {isa = PBXBuildFile; fileRef = 6B8604EE2A2B24CA0095B796 /* SearchRestaurantCell.swift */; };
		6B8604F12A2B78E20095B796 /* AddRestaruantMethod.swift in Sources */ = {isa = PBXBuildFile; fileRef = 6B8604F02A2B78E20095B796 /* AddRestaruantMethod.swift */; };
		6B8604F32A2B7CB70095B796 /* SearchAddRestaurantView.swift in Sources */ = {isa = PBXBuildFile; fileRef = 6B8604F22A2B7CB70095B796 /* SearchAddRestaurantView.swift */; };
		6B8604F72A2B8B800095B796 /* PlaceModel.swift in Sources */ = {isa = PBXBuildFile; fileRef = 6B8604F62A2B8B800095B796 /* PlaceModel.swift */; };
		6B8604F92A2B9C360095B796 /* App+Impact.swift in Sources */ = {isa = PBXBuildFile; fileRef = 6B8604F82A2B9C360095B796 /* App+Impact.swift */; };
		6B8604FB2A2C8BF80095B796 /* SearchedPlaceModel.swift in Sources */ = {isa = PBXBuildFile; fileRef = 6B8604FA2A2C8BF80095B796 /* SearchedPlaceModel.swift */; };
		6B90DE2B2A34C0AB0093DBA7 /* AddPlaceView.swift in Sources */ = {isa = PBXBuildFile; fileRef = 6B90DE2A2A34C0AB0093DBA7 /* AddPlaceView.swift */; };
		6B90DE2D2A34C0B40093DBA7 /* AddPlacePublisher.swift in Sources */ = {isa = PBXBuildFile; fileRef = 6B90DE2C2A34C0B40093DBA7 /* AddPlacePublisher.swift */; };
		6B90DE2F2A35B6380093DBA7 /* PlaceService.swift in Sources */ = {isa = PBXBuildFile; fileRef = 6B90DE2E2A35B6380093DBA7 /* PlaceService.swift */; };
		6B90DE322A35BB630093DBA7 /* CategoryNameConverter.swift in Sources */ = {isa = PBXBuildFile; fileRef = 6B90DE312A35BB630093DBA7 /* CategoryNameConverter.swift */; };
		6B9D94632A1F7CA20001B07E /* HomeView.swift in Sources */ = {isa = PBXBuildFile; fileRef = 6B9D94622A1F7CA20001B07E /* HomeView.swift */; };
		6B9D94662A1F7D0D0001B07E /* HomePublisher.swift in Sources */ = {isa = PBXBuildFile; fileRef = 6B9D94652A1F7D0D0001B07E /* HomePublisher.swift */; };
		6B9D94732A1F877F0001B07E /* Color+Extension.swift in Sources */ = {isa = PBXBuildFile; fileRef = 6B9D94722A1F877F0001B07E /* Color+Extension.swift */; };
		6B9D94752A1F87B50001B07E /* View+Extension.swift in Sources */ = {isa = PBXBuildFile; fileRef = 6B9D94742A1F87B50001B07E /* View+Extension.swift */; };
		6B9D94782A1F8BFA0001B07E /* Lottie in Frameworks */ = {isa = PBXBuildFile; productRef = 6B9D94772A1F8BFA0001B07E /* Lottie */; };
		6B9D947B2A1F8C460001B07E /* LottieView.swift in Sources */ = {isa = PBXBuildFile; fileRef = 6B9D947A2A1F8C460001B07E /* LottieView.swift */; };
		6B9D94802A1F8D300001B07E /* LoginView.swift in Sources */ = {isa = PBXBuildFile; fileRef = 6B9D947F2A1F8D300001B07E /* LoginView.swift */; };
		6B9D94862A1F8ECF0001B07E /* bunchOfFood.json in Resources */ = {isa = PBXBuildFile; fileRef = 6B9D94852A1F8ECF0001B07E /* bunchOfFood.json */; };
		6B9D948A2A1F900C0001B07E /* CustomTextField.swift in Sources */ = {isa = PBXBuildFile; fileRef = 6B9D94892A1F900C0001B07E /* CustomTextField.swift */; };
		6B9D948D2A1FC98A0001B07E /* RegisterView.swift in Sources */ = {isa = PBXBuildFile; fileRef = 6B9D948C2A1FC98A0001B07E /* RegisterView.swift */; };
		6B9D948F2A1FC9DE0001B07E /* phone.json in Resources */ = {isa = PBXBuildFile; fileRef = 6B9D948E2A1FC9DE0001B07E /* phone.json */; };
		6B9D94922A1FCA7F0001B07E /* PlainButton.swift in Sources */ = {isa = PBXBuildFile; fileRef = 6B9D94912A1FCA7F0001B07E /* PlainButton.swift */; };
		6B9D94942A1FCDA90001B07E /* String+Extension.swift in Sources */ = {isa = PBXBuildFile; fileRef = 6B9D94932A1FCDA90001B07E /* String+Extension.swift */; };
		6B9D94972A1FCEEB0001B07E /* UserModel.swift in Sources */ = {isa = PBXBuildFile; fileRef = 6B9D94962A1FCEEB0001B07E /* UserModel.swift */; };
		6B9D949B2A1FD0430001B07E /* RegisterPublisher.swift in Sources */ = {isa = PBXBuildFile; fileRef = 6B9D949A2A1FD0430001B07E /* RegisterPublisher.swift */; };
		6BA3E08B2A1F4E9C008A034E /* looksgoodApp.swift in Sources */ = {isa = PBXBuildFile; fileRef = 6BA3E08A2A1F4E9C008A034E /* looksgoodApp.swift */; };
		6BA3E08D2A1F4E9C008A034E /* ContentView.swift in Sources */ = {isa = PBXBuildFile; fileRef = 6BA3E08C2A1F4E9C008A034E /* ContentView.swift */; };
		6BA3E08F2A1F4E9D008A034E /* Assets.xcassets in Resources */ = {isa = PBXBuildFile; fileRef = 6BA3E08E2A1F4E9D008A034E /* Assets.xcassets */; };
		6BA3E0922A1F4E9D008A034E /* Preview Assets.xcassets in Resources */ = {isa = PBXBuildFile; fileRef = 6BA3E0912A1F4E9D008A034E /* Preview Assets.xcassets */; };
		6BA3E09C2A1F4E9D008A034E /* looksgoodTests.swift in Sources */ = {isa = PBXBuildFile; fileRef = 6BA3E09B2A1F4E9D008A034E /* looksgoodTests.swift */; };
		6BA3E0A62A1F4E9D008A034E /* looksgoodUITests.swift in Sources */ = {isa = PBXBuildFile; fileRef = 6BA3E0A52A1F4E9D008A034E /* looksgoodUITests.swift */; };
		6BA3E0A82A1F4E9D008A034E /* looksgoodUITestsLaunchTests.swift in Sources */ = {isa = PBXBuildFile; fileRef = 6BA3E0A72A1F4E9D008A034E /* looksgoodUITestsLaunchTests.swift */; };
		6BD744542A321F1F00A5343D /* OpeningHourCell.swift in Sources */ = {isa = PBXBuildFile; fileRef = 6BD744532A321F1F00A5343D /* OpeningHourCell.swift */; };
		6BD744572A3392EC00A5343D /* DayOpeningCell.swift in Sources */ = {isa = PBXBuildFile; fileRef = 6BD744562A3392EC00A5343D /* DayOpeningCell.swift */; };
		6BD7445A2A33952800A5343D /* OpeningHoursPickerView.swift in Sources */ = {isa = PBXBuildFile; fileRef = 6BD744592A33952800A5343D /* OpeningHoursPickerView.swift */; };
		6BD7445D2A347D8400A5343D /* RestaurantCategoryPicker.swift in Sources */ = {isa = PBXBuildFile; fileRef = 6BD7445C2A347D8400A5343D /* RestaurantCategoryPicker.swift */; };
		6BD744622A347E0400A5343D /* PlaceCategory.swift in Sources */ = {isa = PBXBuildFile; fileRef = 6BD744612A347E0400A5343D /* PlaceCategory.swift */; };
		6BD744652A347F5E00A5343D /* PlaceCategories.swift in Sources */ = {isa = PBXBuildFile; fileRef = 6BD744642A347F5E00A5343D /* PlaceCategories.swift */; };
		6BD744672A34810900A5343D /* PlaceCategoriesEnum.swift in Sources */ = {isa = PBXBuildFile; fileRef = 6BD744662A34810900A5343D /* PlaceCategoriesEnum.swift */; };
		6BD744692A34812A00A5343D /* AccountTypeEnum.swift in Sources */ = {isa = PBXBuildFile; fileRef = 6BD744682A34812A00A5343D /* AccountTypeEnum.swift */; };
		6BD7446B2A3484FA00A5343D /* PlaceCategoryCell.swift in Sources */ = {isa = PBXBuildFile; fileRef = 6BD7446A2A3484FA00A5343D /* PlaceCategoryCell.swift */; };
		70C1ED8AB81A1999DD427F69 /* Pods_looksgood.framework in Frameworks */ = {isa = PBXBuildFile; fileRef = F21269A5FC028462886B72B7 /* Pods_looksgood.framework */; };
/* End PBXBuildFile section */

/* Begin PBXContainerItemProxy section */
		6BA3E0982A1F4E9D008A034E /* PBXContainerItemProxy */ = {
			isa = PBXContainerItemProxy;
			containerPortal = 6BA3E07F2A1F4E9C008A034E /* Project object */;
			proxyType = 1;
			remoteGlobalIDString = 6BA3E0862A1F4E9C008A034E;
			remoteInfo = looksgood;
		};
		6BA3E0A22A1F4E9D008A034E /* PBXContainerItemProxy */ = {
			isa = PBXContainerItemProxy;
			containerPortal = 6BA3E07F2A1F4E9C008A034E /* Project object */;
			proxyType = 1;
			remoteGlobalIDString = 6BA3E0862A1F4E9C008A034E;
			remoteInfo = looksgood;
		};
/* End PBXContainerItemProxy section */

/* Begin PBXFileReference section */
		12A40501F7CB6EB3A0B3DFA3 /* Pods-looksgoodTests.release.xcconfig */ = {isa = PBXFileReference; includeInIndex = 1; lastKnownFileType = text.xcconfig; name = "Pods-looksgoodTests.release.xcconfig"; path = "Target Support Files/Pods-looksgoodTests/Pods-looksgoodTests.release.xcconfig"; sourceTree = "<group>"; };
		132A0F3A246474DC4FEBA67D /* Pods-looksgood-looksgoodUITests.debug.xcconfig */ = {isa = PBXFileReference; includeInIndex = 1; lastKnownFileType = text.xcconfig; name = "Pods-looksgood-looksgoodUITests.debug.xcconfig"; path = "Target Support Files/Pods-looksgood-looksgoodUITests/Pods-looksgood-looksgoodUITests.debug.xcconfig"; sourceTree = "<group>"; };
		3241B0B64C3F2E5B81EE6BFB /* Pods_looksgood_looksgoodUITests.framework */ = {isa = PBXFileReference; explicitFileType = wrapper.framework; includeInIndex = 0; path = Pods_looksgood_looksgoodUITests.framework; sourceTree = BUILT_PRODUCTS_DIR; };
		385F616B3ACEE24A67B77641 /* Pods_looksgoodTests.framework */ = {isa = PBXFileReference; explicitFileType = wrapper.framework; includeInIndex = 0; path = Pods_looksgoodTests.framework; sourceTree = BUILT_PRODUCTS_DIR; };
		6B1792422A2511F7007965FE /* AppState.swift */ = {isa = PBXFileReference; lastKnownFileType = sourcecode.swift; path = AppState.swift; sourceTree = "<group>"; };
		6B29269B2A24966300A50C35 /* GoogleMapView.swift */ = {isa = PBXFileReference; lastKnownFileType = sourcecode.swift; path = GoogleMapView.swift; sourceTree = "<group>"; };
		6B29269D2A2497AF00A50C35 /* LocationManager.swift */ = {isa = PBXFileReference; lastKnownFileType = sourcecode.swift; path = LocationManager.swift; sourceTree = "<group>"; };
		6B29269F2A24988D00A50C35 /* PlacesService.swift */ = {isa = PBXFileReference; lastKnownFileType = sourcecode.swift; path = PlacesService.swift; sourceTree = "<group>"; };
		6B40B44A2A20C745004E4A21 /* GoogleService-Info.plist */ = {isa = PBXFileReference; fileEncoding = 4; lastKnownFileType = text.plist.xml; path = "GoogleService-Info.plist"; sourceTree = "<group>"; };
		6B40B4552A20C901004E4A21 /* AuthService.swift */ = {isa = PBXFileReference; lastKnownFileType = sourcecode.swift; path = AuthService.swift; sourceTree = "<group>"; };
		6B40B4582A20DAFC004E4A21 /* AuthenticationFormProtocol.swift */ = {isa = PBXFileReference; lastKnownFileType = sourcecode.swift; path = AuthenticationFormProtocol.swift; sourceTree = "<group>"; };
		6B40B45A2A20E83B004E4A21 /* MapSearchField.swift */ = {isa = PBXFileReference; lastKnownFileType = sourcecode.swift; path = MapSearchField.swift; sourceTree = "<group>"; };
		6B40B45D2A210272004E4A21 /* NavigationModalBarView.swift */ = {isa = PBXFileReference; lastKnownFileType = sourcecode.swift; path = NavigationModalBarView.swift; sourceTree = "<group>"; };
		6B40B45F2A21078B004E4A21 /* UINavigationController+Extension.swift */ = {isa = PBXFileReference; lastKnownFileType = sourcecode.swift; path = "UINavigationController+Extension.swift"; sourceTree = "<group>"; };
		6B40B4622A2107EB004E4A21 /* AccountTypeView.swift */ = {isa = PBXFileReference; lastKnownFileType = sourcecode.swift; path = AccountTypeView.swift; sourceTree = "<group>"; };
		6B40B4642A210B7B004E4A21 /* PlainLabel.swift */ = {isa = PBXFileReference; lastKnownFileType = sourcecode.swift; path = PlainLabel.swift; sourceTree = "<group>"; };
		6B40B4672A210D53004E4A21 /* PlainButtonStyle.swift */ = {isa = PBXFileReference; lastKnownFileType = sourcecode.swift; path = PlainButtonStyle.swift; sourceTree = "<group>"; };
		6B40B4692A210E53004E4A21 /* PlainLabelButton.swift */ = {isa = PBXFileReference; lastKnownFileType = sourcecode.swift; path = PlainLabelButton.swift; sourceTree = "<group>"; };
		6B40B46B2A21114C004E4A21 /* confirmingOrder.json */ = {isa = PBXFileReference; fileEncoding = 4; lastKnownFileType = text.json; path = confirmingOrder.json; sourceTree = "<group>"; };
		6B40B46D2A21123E004E4A21 /* BackNavigationButton.swift */ = {isa = PBXFileReference; lastKnownFileType = sourcecode.swift; path = BackNavigationButton.swift; sourceTree = "<group>"; };
		6B40B46F2A21EE8D004E4A21 /* AccountTypePublisher.swift */ = {isa = PBXFileReference; lastKnownFileType = sourcecode.swift; path = AccountTypePublisher.swift; sourceTree = "<group>"; };
		6B40B4722A21F342004E4A21 /* ProfileView.swift */ = {isa = PBXFileReference; lastKnownFileType = sourcecode.swift; path = ProfileView.swift; sourceTree = "<group>"; };
		6B40B4752A220384004E4A21 /* SettingsCell.swift */ = {isa = PBXFileReference; lastKnownFileType = sourcecode.swift; path = SettingsCell.swift; sourceTree = "<group>"; };
		6B40B4772A220C16004E4A21 /* AccountSettingsView.swift */ = {isa = PBXFileReference; lastKnownFileType = sourcecode.swift; path = AccountSettingsView.swift; sourceTree = "<group>"; };
		6B40B47A2A22852D004E4A21 /* BottomTabView.swift */ = {isa = PBXFileReference; lastKnownFileType = sourcecode.swift; path = BottomTabView.swift; sourceTree = "<group>"; };
		6B40B47F2A23C68A004E4A21 /* RestaurantPanelView.swift */ = {isa = PBXFileReference; lastKnownFileType = sourcecode.swift; path = RestaurantPanelView.swift; sourceTree = "<group>"; };
		6B40B4852A23C852004E4A21 /* hello.json */ = {isa = PBXFileReference; fileEncoding = 4; lastKnownFileType = text.json; path = hello.json; sourceTree = "<group>"; };
		6B40B4872A247FF2004E4A21 /* MapsService.swift */ = {isa = PBXFileReference; lastKnownFileType = sourcecode.swift; path = MapsService.swift; sourceTree = "<group>"; };
		6B8604EE2A2B24CA0095B796 /* SearchRestaurantCell.swift */ = {isa = PBXFileReference; lastKnownFileType = sourcecode.swift; path = SearchRestaurantCell.swift; sourceTree = "<group>"; };
		6B8604F02A2B78E20095B796 /* AddRestaruantMethod.swift */ = {isa = PBXFileReference; lastKnownFileType = sourcecode.swift; path = AddRestaruantMethod.swift; sourceTree = "<group>"; };
		6B8604F22A2B7CB70095B796 /* SearchAddRestaurantView.swift */ = {isa = PBXFileReference; lastKnownFileType = sourcecode.swift; path = SearchAddRestaurantView.swift; sourceTree = "<group>"; };
		6B8604F62A2B8B800095B796 /* PlaceModel.swift */ = {isa = PBXFileReference; lastKnownFileType = sourcecode.swift; path = PlaceModel.swift; sourceTree = "<group>"; };
		6B8604F82A2B9C360095B796 /* App+Impact.swift */ = {isa = PBXFileReference; lastKnownFileType = sourcecode.swift; path = "App+Impact.swift"; sourceTree = "<group>"; };
		6B8604FA2A2C8BF80095B796 /* SearchedPlaceModel.swift */ = {isa = PBXFileReference; lastKnownFileType = sourcecode.swift; path = SearchedPlaceModel.swift; sourceTree = "<group>"; };
		6B90DE2A2A34C0AB0093DBA7 /* AddPlaceView.swift */ = {isa = PBXFileReference; fileEncoding = 4; lastKnownFileType = sourcecode.swift; path = AddPlaceView.swift; sourceTree = "<group>"; };
		6B90DE2C2A34C0B40093DBA7 /* AddPlacePublisher.swift */ = {isa = PBXFileReference; fileEncoding = 4; lastKnownFileType = sourcecode.swift; path = AddPlacePublisher.swift; sourceTree = "<group>"; };
		6B90DE2E2A35B6380093DBA7 /* PlaceService.swift */ = {isa = PBXFileReference; lastKnownFileType = sourcecode.swift; path = PlaceService.swift; sourceTree = "<group>"; };
		6B90DE312A35BB630093DBA7 /* CategoryNameConverter.swift */ = {isa = PBXFileReference; lastKnownFileType = sourcecode.swift; path = CategoryNameConverter.swift; sourceTree = "<group>"; };
		6B9D94622A1F7CA20001B07E /* HomeView.swift */ = {isa = PBXFileReference; lastKnownFileType = sourcecode.swift; path = HomeView.swift; sourceTree = "<group>"; };
		6B9D94652A1F7D0D0001B07E /* HomePublisher.swift */ = {isa = PBXFileReference; lastKnownFileType = sourcecode.swift; path = HomePublisher.swift; sourceTree = "<group>"; };
		6B9D94722A1F877F0001B07E /* Color+Extension.swift */ = {isa = PBXFileReference; lastKnownFileType = sourcecode.swift; path = "Color+Extension.swift"; sourceTree = "<group>"; };
		6B9D94742A1F87B50001B07E /* View+Extension.swift */ = {isa = PBXFileReference; lastKnownFileType = sourcecode.swift; path = "View+Extension.swift"; sourceTree = "<group>"; };
		6B9D947A2A1F8C460001B07E /* LottieView.swift */ = {isa = PBXFileReference; lastKnownFileType = sourcecode.swift; path = LottieView.swift; sourceTree = "<group>"; };
		6B9D947F2A1F8D300001B07E /* LoginView.swift */ = {isa = PBXFileReference; lastKnownFileType = sourcecode.swift; path = LoginView.swift; sourceTree = "<group>"; };
		6B9D94852A1F8ECF0001B07E /* bunchOfFood.json */ = {isa = PBXFileReference; fileEncoding = 4; lastKnownFileType = text.json; path = bunchOfFood.json; sourceTree = "<group>"; };
		6B9D94892A1F900C0001B07E /* CustomTextField.swift */ = {isa = PBXFileReference; lastKnownFileType = sourcecode.swift; path = CustomTextField.swift; sourceTree = "<group>"; };
		6B9D948C2A1FC98A0001B07E /* RegisterView.swift */ = {isa = PBXFileReference; lastKnownFileType = sourcecode.swift; path = RegisterView.swift; sourceTree = "<group>"; };
		6B9D948E2A1FC9DE0001B07E /* phone.json */ = {isa = PBXFileReference; fileEncoding = 4; lastKnownFileType = text.json; path = phone.json; sourceTree = "<group>"; };
		6B9D94912A1FCA7F0001B07E /* PlainButton.swift */ = {isa = PBXFileReference; lastKnownFileType = sourcecode.swift; path = PlainButton.swift; sourceTree = "<group>"; };
		6B9D94932A1FCDA90001B07E /* String+Extension.swift */ = {isa = PBXFileReference; lastKnownFileType = sourcecode.swift; path = "String+Extension.swift"; sourceTree = "<group>"; };
		6B9D94962A1FCEEB0001B07E /* UserModel.swift */ = {isa = PBXFileReference; lastKnownFileType = sourcecode.swift; path = UserModel.swift; sourceTree = "<group>"; };
		6B9D949A2A1FD0430001B07E /* RegisterPublisher.swift */ = {isa = PBXFileReference; lastKnownFileType = sourcecode.swift; path = RegisterPublisher.swift; sourceTree = "<group>"; };
		6BA3E0872A1F4E9C008A034E /* looksgood.app */ = {isa = PBXFileReference; explicitFileType = wrapper.application; includeInIndex = 0; path = looksgood.app; sourceTree = BUILT_PRODUCTS_DIR; };
		6BA3E08A2A1F4E9C008A034E /* looksgoodApp.swift */ = {isa = PBXFileReference; lastKnownFileType = sourcecode.swift; path = looksgoodApp.swift; sourceTree = "<group>"; };
		6BA3E08C2A1F4E9C008A034E /* ContentView.swift */ = {isa = PBXFileReference; lastKnownFileType = sourcecode.swift; path = ContentView.swift; sourceTree = "<group>"; };
		6BA3E08E2A1F4E9D008A034E /* Assets.xcassets */ = {isa = PBXFileReference; lastKnownFileType = folder.assetcatalog; path = Assets.xcassets; sourceTree = "<group>"; };
		6BA3E0912A1F4E9D008A034E /* Preview Assets.xcassets */ = {isa = PBXFileReference; lastKnownFileType = folder.assetcatalog; path = "Preview Assets.xcassets"; sourceTree = "<group>"; };
		6BA3E0972A1F4E9D008A034E /* looksgoodTests.xctest */ = {isa = PBXFileReference; explicitFileType = wrapper.cfbundle; includeInIndex = 0; path = looksgoodTests.xctest; sourceTree = BUILT_PRODUCTS_DIR; };
		6BA3E09B2A1F4E9D008A034E /* looksgoodTests.swift */ = {isa = PBXFileReference; lastKnownFileType = sourcecode.swift; path = looksgoodTests.swift; sourceTree = "<group>"; };
		6BA3E0A12A1F4E9D008A034E /* looksgoodUITests.xctest */ = {isa = PBXFileReference; explicitFileType = wrapper.cfbundle; includeInIndex = 0; path = looksgoodUITests.xctest; sourceTree = BUILT_PRODUCTS_DIR; };
		6BA3E0A52A1F4E9D008A034E /* looksgoodUITests.swift */ = {isa = PBXFileReference; lastKnownFileType = sourcecode.swift; path = looksgoodUITests.swift; sourceTree = "<group>"; };
		6BA3E0A72A1F4E9D008A034E /* looksgoodUITestsLaunchTests.swift */ = {isa = PBXFileReference; lastKnownFileType = sourcecode.swift; path = looksgoodUITestsLaunchTests.swift; sourceTree = "<group>"; };
		6BD744532A321F1F00A5343D /* OpeningHourCell.swift */ = {isa = PBXFileReference; lastKnownFileType = sourcecode.swift; path = OpeningHourCell.swift; sourceTree = "<group>"; };
		6BD744562A3392EC00A5343D /* DayOpeningCell.swift */ = {isa = PBXFileReference; lastKnownFileType = sourcecode.swift; path = DayOpeningCell.swift; sourceTree = "<group>"; };
		6BD744592A33952800A5343D /* OpeningHoursPickerView.swift */ = {isa = PBXFileReference; lastKnownFileType = sourcecode.swift; path = OpeningHoursPickerView.swift; sourceTree = "<group>"; };
		6BD7445C2A347D8400A5343D /* RestaurantCategoryPicker.swift */ = {isa = PBXFileReference; lastKnownFileType = sourcecode.swift; path = RestaurantCategoryPicker.swift; sourceTree = "<group>"; };
		6BD744612A347E0400A5343D /* PlaceCategory.swift */ = {isa = PBXFileReference; lastKnownFileType = sourcecode.swift; path = PlaceCategory.swift; sourceTree = "<group>"; };
		6BD744642A347F5E00A5343D /* PlaceCategories.swift */ = {isa = PBXFileReference; lastKnownFileType = sourcecode.swift; path = PlaceCategories.swift; sourceTree = "<group>"; };
		6BD744662A34810900A5343D /* PlaceCategoriesEnum.swift */ = {isa = PBXFileReference; lastKnownFileType = sourcecode.swift; path = PlaceCategoriesEnum.swift; sourceTree = "<group>"; };
		6BD744682A34812A00A5343D /* AccountTypeEnum.swift */ = {isa = PBXFileReference; lastKnownFileType = sourcecode.swift; path = AccountTypeEnum.swift; sourceTree = "<group>"; };
		6BD7446A2A3484FA00A5343D /* PlaceCategoryCell.swift */ = {isa = PBXFileReference; lastKnownFileType = sourcecode.swift; path = PlaceCategoryCell.swift; sourceTree = "<group>"; };
		776F24A9ACB366298D3ADD4B /* Pods-looksgood.release.xcconfig */ = {isa = PBXFileReference; includeInIndex = 1; lastKnownFileType = text.xcconfig; name = "Pods-looksgood.release.xcconfig"; path = "Target Support Files/Pods-looksgood/Pods-looksgood.release.xcconfig"; sourceTree = "<group>"; };
		A9F1FFA51A8C2554348034EA /* Pods-looksgoodTests.debug.xcconfig */ = {isa = PBXFileReference; includeInIndex = 1; lastKnownFileType = text.xcconfig; name = "Pods-looksgoodTests.debug.xcconfig"; path = "Target Support Files/Pods-looksgoodTests/Pods-looksgoodTests.debug.xcconfig"; sourceTree = "<group>"; };
		B1316D090B1735ED72A19E31 /* Pods-looksgood.debug.xcconfig */ = {isa = PBXFileReference; includeInIndex = 1; lastKnownFileType = text.xcconfig; name = "Pods-looksgood.debug.xcconfig"; path = "Target Support Files/Pods-looksgood/Pods-looksgood.debug.xcconfig"; sourceTree = "<group>"; };
		D8B841801DF2BEE24D9DCD4A /* Pods-looksgood-looksgoodUITests.release.xcconfig */ = {isa = PBXFileReference; includeInIndex = 1; lastKnownFileType = text.xcconfig; name = "Pods-looksgood-looksgoodUITests.release.xcconfig"; path = "Target Support Files/Pods-looksgood-looksgoodUITests/Pods-looksgood-looksgoodUITests.release.xcconfig"; sourceTree = "<group>"; };
		F21269A5FC028462886B72B7 /* Pods_looksgood.framework */ = {isa = PBXFileReference; explicitFileType = wrapper.framework; includeInIndex = 0; path = Pods_looksgood.framework; sourceTree = BUILT_PRODUCTS_DIR; };
/* End PBXFileReference section */

/* Begin PBXFrameworksBuildPhase section */
		6BA3E0842A1F4E9C008A034E /* Frameworks */ = {
			isa = PBXFrameworksBuildPhase;
			buildActionMask = 2147483647;
			files = (
				6B9D94782A1F8BFA0001B07E /* Lottie in Frameworks */,
				6B40B44E2A20C7F6004E4A21 /* FirebaseAuth in Frameworks */,
				6B40B4502A20C7F6004E4A21 /* FirebaseFirestore in Frameworks */,
				6B40B4542A20C7F6004E4A21 /* FirebaseStorage in Frameworks */,
				6B40B4522A20C7F6004E4A21 /* FirebaseFirestoreSwift in Frameworks */,
				70C1ED8AB81A1999DD427F69 /* Pods_looksgood.framework in Frameworks */,
			);
			runOnlyForDeploymentPostprocessing = 0;
		};
		6BA3E0942A1F4E9D008A034E /* Frameworks */ = {
			isa = PBXFrameworksBuildPhase;
			buildActionMask = 2147483647;
			files = (
				196313D6E06BDB85280E1060 /* Pods_looksgoodTests.framework in Frameworks */,
			);
			runOnlyForDeploymentPostprocessing = 0;
		};
		6BA3E09E2A1F4E9D008A034E /* Frameworks */ = {
			isa = PBXFrameworksBuildPhase;
			buildActionMask = 2147483647;
			files = (
				4B56958CBD4A808C07CD01B2 /* Pods_looksgood_looksgoodUITests.framework in Frameworks */,
			);
			runOnlyForDeploymentPostprocessing = 0;
		};
/* End PBXFrameworksBuildPhase section */

/* Begin PBXGroup section */
		45E9439B21E3B7B7CC33B7DB /* Pods */ = {
			isa = PBXGroup;
			children = (
				B1316D090B1735ED72A19E31 /* Pods-looksgood.debug.xcconfig */,
				776F24A9ACB366298D3ADD4B /* Pods-looksgood.release.xcconfig */,
				132A0F3A246474DC4FEBA67D /* Pods-looksgood-looksgoodUITests.debug.xcconfig */,
				D8B841801DF2BEE24D9DCD4A /* Pods-looksgood-looksgoodUITests.release.xcconfig */,
				A9F1FFA51A8C2554348034EA /* Pods-looksgoodTests.debug.xcconfig */,
				12A40501F7CB6EB3A0B3DFA3 /* Pods-looksgoodTests.release.xcconfig */,
			);
			path = Pods;
			sourceTree = "<group>";
		};
		6B40B4572A20DAEF004E4A21 /* Protocols */ = {
			isa = PBXGroup;
			children = (
				6B40B4582A20DAFC004E4A21 /* AuthenticationFormProtocol.swift */,
			);
			path = Protocols;
			sourceTree = "<group>";
		};
		6B40B45C2A210266004E4A21 /* Navigation */ = {
			isa = PBXGroup;
			children = (
				6B40B45D2A210272004E4A21 /* NavigationModalBarView.swift */,
			);
			path = Navigation;
			sourceTree = "<group>";
		};
		6B40B4612A2107DE004E4A21 /* AccountType */ = {
			isa = PBXGroup;
			children = (
				6B40B4622A2107EB004E4A21 /* AccountTypeView.swift */,
				6B40B46F2A21EE8D004E4A21 /* AccountTypePublisher.swift */,
			);
			path = AccountType;
			sourceTree = "<group>";
		};
		6B40B4662A210D3D004E4A21 /* Modifiers */ = {
			isa = PBXGroup;
			children = (
				6B40B4672A210D53004E4A21 /* PlainButtonStyle.swift */,
				6B40B46D2A21123E004E4A21 /* BackNavigationButton.swift */,
			);
			path = Modifiers;
			sourceTree = "<group>";
		};
		6B40B4712A21F333004E4A21 /* Profile */ = {
			isa = PBXGroup;
			children = (
				6B40B4722A21F342004E4A21 /* ProfileView.swift */,
				6B40B4772A220C16004E4A21 /* AccountSettingsView.swift */,
			);
			path = Profile;
			sourceTree = "<group>";
		};
		6B40B4742A22037C004E4A21 /* Cell */ = {
			isa = PBXGroup;
			children = (
				6B40B4752A220384004E4A21 /* SettingsCell.swift */,
				6BD744532A321F1F00A5343D /* OpeningHourCell.swift */,
				6BD744562A3392EC00A5343D /* DayOpeningCell.swift */,
				6BD7446A2A3484FA00A5343D /* PlaceCategoryCell.swift */,
			);
			path = Cell;
			sourceTree = "<group>";
		};
		6B40B4792A22851E004E4A21 /* BottomTab */ = {
			isa = PBXGroup;
			children = (
				6B40B47A2A22852D004E4A21 /* BottomTabView.swift */,
			);
			path = BottomTab;
			sourceTree = "<group>";
		};
		6B40B47E2A23C670004E4A21 /* RestaurantPanel */ = {
			isa = PBXGroup;
			children = (
				6B40B47F2A23C68A004E4A21 /* RestaurantPanelView.swift */,
			);
			path = RestaurantPanel;
			sourceTree = "<group>";
		};
		6B8604EB2A2B1CEC0095B796 /* AddPlace */ = {
			isa = PBXGroup;
			children = (
				6B90DE2C2A34C0B40093DBA7 /* AddPlacePublisher.swift */,
				6B90DE2A2A34C0AB0093DBA7 /* AddPlaceView.swift */,
				6B8604F52A2B7CE50095B796 /* Utils */,
				6B8604F42A2B7CCD0095B796 /* SearchAddRestaurantView */,
			);
			path = AddPlace;
			sourceTree = "<group>";
		};
		6B8604F42A2B7CCD0095B796 /* SearchAddRestaurantView */ = {
			isa = PBXGroup;
			children = (
				6B8604EE2A2B24CA0095B796 /* SearchRestaurantCell.swift */,
				6B8604F22A2B7CB70095B796 /* SearchAddRestaurantView.swift */,
			);
			path = SearchAddRestaurantView;
			sourceTree = "<group>";
		};
		6B8604F52A2B7CE50095B796 /* Utils */ = {
			isa = PBXGroup;
			children = (
				6B8604F02A2B78E20095B796 /* AddRestaruantMethod.swift */,
			);
			path = Utils;
			sourceTree = "<group>";
		};
		6B90DE302A35BB540093DBA7 /* Utilities */ = {
			isa = PBXGroup;
			children = (
				6B90DE312A35BB630093DBA7 /* CategoryNameConverter.swift */,
			);
			path = Utilities;
			sourceTree = "<group>";
		};
		6B9D94642A1F7CF60001B07E /* Home */ = {
			isa = PBXGroup;
			children = (
				6B9D94652A1F7D0D0001B07E /* HomePublisher.swift */,
				6B9D94622A1F7CA20001B07E /* HomeView.swift */,
			);
			path = Home;
			sourceTree = "<group>";
		};
		6B9D94672A1F84170001B07E /* Sources */ = {
			isa = PBXGroup;
			children = (
				6B90DE302A35BB540093DBA7 /* Utilities */,
				6BD744632A347F5200A5343D /* Constants */,
				6BD7445E2A347DC300A5343D /* Enums */,
				6B40B4572A20DAEF004E4A21 /* Protocols */,
				6B9D94952A1FCEDF0001B07E /* Models */,
				6B9D94712A1F87730001B07E /* Extensions */,
				6B9D94692A1F84360001B07E /* Service */,
				6B9D94682A1F842B0001B07E /* Views */,
			);
			path = Sources;
			sourceTree = "<group>";
		};
		6B9D94682A1F842B0001B07E /* Views */ = {
			isa = PBXGroup;
			children = (
				6B8604EB2A2B1CEC0095B796 /* AddPlace */,
				6B40B47E2A23C670004E4A21 /* RestaurantPanel */,
				6B40B4792A22851E004E4A21 /* BottomTab */,
				6B40B4712A21F333004E4A21 /* Profile */,
				6B9D94872A1F8FF20001B07E /* Common */,
				6B9D947D2A1F8D180001B07E /* Authentication */,
				6B9D94792A1F8C0C0001B07E /* Lottie */,
				6B9D946C2A1F84640001B07E /* Map */,
				6B9D94642A1F7CF60001B07E /* Home */,
			);
			path = Views;
			sourceTree = "<group>";
		};
		6B9D94692A1F84360001B07E /* Service */ = {
			isa = PBXGroup;
			children = (
				6B40B4552A20C901004E4A21 /* AuthService.swift */,
				6B40B4872A247FF2004E4A21 /* MapsService.swift */,
				6B29269F2A24988D00A50C35 /* PlacesService.swift */,
				6B90DE2E2A35B6380093DBA7 /* PlaceService.swift */,
			);
			path = Service;
			sourceTree = "<group>";
		};
		6B9D946C2A1F84640001B07E /* Map */ = {
			isa = PBXGroup;
			children = (
				6B29269D2A2497AF00A50C35 /* LocationManager.swift */,
				6B29269B2A24966300A50C35 /* GoogleMapView.swift */,
			);
			path = Map;
			sourceTree = "<group>";
		};
		6B9D94712A1F87730001B07E /* Extensions */ = {
			isa = PBXGroup;
			children = (
				6B9D94722A1F877F0001B07E /* Color+Extension.swift */,
				6B9D94742A1F87B50001B07E /* View+Extension.swift */,
				6B9D94932A1FCDA90001B07E /* String+Extension.swift */,
				6B40B45F2A21078B004E4A21 /* UINavigationController+Extension.swift */,
				6B8604F82A2B9C360095B796 /* App+Impact.swift */,
			);
			path = Extensions;
			sourceTree = "<group>";
		};
		6B9D94792A1F8C0C0001B07E /* Lottie */ = {
			isa = PBXGroup;
			children = (
				6B9D947A2A1F8C460001B07E /* LottieView.swift */,
				6B9D947C2A1F8C4D0001B07E /* LottieFiles */,
			);
			path = Lottie;
			sourceTree = "<group>";
		};
		6B9D947C2A1F8C4D0001B07E /* LottieFiles */ = {
			isa = PBXGroup;
			children = (
				6B40B4852A23C852004E4A21 /* hello.json */,
				6B9D948E2A1FC9DE0001B07E /* phone.json */,
				6B9D94852A1F8ECF0001B07E /* bunchOfFood.json */,
				6B40B46B2A21114C004E4A21 /* confirmingOrder.json */,
			);
			path = LottieFiles;
			sourceTree = "<group>";
		};
		6B9D947D2A1F8D180001B07E /* Authentication */ = {
			isa = PBXGroup;
			children = (
				6B40B4612A2107DE004E4A21 /* AccountType */,
				6B9D948B2A1FC9740001B07E /* Register */,
				6B9D947E2A1F8D260001B07E /* Login */,
			);
			path = Authentication;
			sourceTree = "<group>";
		};
		6B9D947E2A1F8D260001B07E /* Login */ = {
			isa = PBXGroup;
			children = (
				6B9D947F2A1F8D300001B07E /* LoginView.swift */,
			);
			path = Login;
			sourceTree = "<group>";
		};
		6B9D94872A1F8FF20001B07E /* Common */ = {
			isa = PBXGroup;
			children = (
				6BD7445B2A347D7200A5343D /* RestaurantCategoryPicker */,
				6BD744582A33951800A5343D /* OpeningHoursPicker */,
				6B40B4742A22037C004E4A21 /* Cell */,
				6B40B4662A210D3D004E4A21 /* Modifiers */,
				6B40B45C2A210266004E4A21 /* Navigation */,
				6B9D94902A1FCA750001B07E /* Buttons */,
				6B9D94882A1F8FFB0001B07E /* TextFields */,
			);
			path = Common;
			sourceTree = "<group>";
		};
		6B9D94882A1F8FFB0001B07E /* TextFields */ = {
			isa = PBXGroup;
			children = (
				6B9D94892A1F900C0001B07E /* CustomTextField.swift */,
				6B40B45A2A20E83B004E4A21 /* MapSearchField.swift */,
			);
			path = TextFields;
			sourceTree = "<group>";
		};
		6B9D948B2A1FC9740001B07E /* Register */ = {
			isa = PBXGroup;
			children = (
				6B9D949A2A1FD0430001B07E /* RegisterPublisher.swift */,
				6B9D948C2A1FC98A0001B07E /* RegisterView.swift */,
			);
			path = Register;
			sourceTree = "<group>";
		};
		6B9D94902A1FCA750001B07E /* Buttons */ = {
			isa = PBXGroup;
			children = (
				6B9D94912A1FCA7F0001B07E /* PlainButton.swift */,
				6B40B4692A210E53004E4A21 /* PlainLabelButton.swift */,
				6B40B4642A210B7B004E4A21 /* PlainLabel.swift */,
			);
			path = Buttons;
			sourceTree = "<group>";
		};
		6B9D94952A1FCEDF0001B07E /* Models */ = {
			isa = PBXGroup;
			children = (
				6B9D94962A1FCEEB0001B07E /* UserModel.swift */,
				6B8604F62A2B8B800095B796 /* PlaceModel.swift */,
				6B8604FA2A2C8BF80095B796 /* SearchedPlaceModel.swift */,
				6BD744612A347E0400A5343D /* PlaceCategory.swift */,
			);
			path = Models;
			sourceTree = "<group>";
		};
		6BA3E07E2A1F4E9C008A034E = {
			isa = PBXGroup;
			children = (
				6BA3E0892A1F4E9C008A034E /* looksgood */,
				6BA3E09A2A1F4E9D008A034E /* looksgoodTests */,
				6BA3E0A42A1F4E9D008A034E /* looksgoodUITests */,
				6BA3E0882A1F4E9C008A034E /* Products */,
				45E9439B21E3B7B7CC33B7DB /* Pods */,
				E961DEF6038F78DBA46A10DB /* Frameworks */,
			);
			sourceTree = "<group>";
		};
		6BA3E0882A1F4E9C008A034E /* Products */ = {
			isa = PBXGroup;
			children = (
				6BA3E0872A1F4E9C008A034E /* looksgood.app */,
				6BA3E0972A1F4E9D008A034E /* looksgoodTests.xctest */,
				6BA3E0A12A1F4E9D008A034E /* looksgoodUITests.xctest */,
			);
			name = Products;
			sourceTree = "<group>";
		};
		6BA3E0892A1F4E9C008A034E /* looksgood */ = {
			isa = PBXGroup;
			children = (
				6B9D94672A1F84170001B07E /* Sources */,
				6BA3E08A2A1F4E9C008A034E /* looksgoodApp.swift */,
				6BA3E08C2A1F4E9C008A034E /* ContentView.swift */,
				6BA3E08E2A1F4E9D008A034E /* Assets.xcassets */,
				6B40B44A2A20C745004E4A21 /* GoogleService-Info.plist */,
				6BA3E0902A1F4E9D008A034E /* Preview Content */,
				6B1792422A2511F7007965FE /* AppState.swift */,
			);
			path = looksgood;
			sourceTree = "<group>";
		};
		6BA3E0902A1F4E9D008A034E /* Preview Content */ = {
			isa = PBXGroup;
			children = (
				6BA3E0912A1F4E9D008A034E /* Preview Assets.xcassets */,
			);
			path = "Preview Content";
			sourceTree = "<group>";
		};
		6BA3E09A2A1F4E9D008A034E /* looksgoodTests */ = {
			isa = PBXGroup;
			children = (
				6BA3E09B2A1F4E9D008A034E /* looksgoodTests.swift */,
			);
			path = looksgoodTests;
			sourceTree = "<group>";
		};
		6BA3E0A42A1F4E9D008A034E /* looksgoodUITests */ = {
			isa = PBXGroup;
			children = (
				6BA3E0A52A1F4E9D008A034E /* looksgoodUITests.swift */,
				6BA3E0A72A1F4E9D008A034E /* looksgoodUITestsLaunchTests.swift */,
			);
			path = looksgoodUITests;
			sourceTree = "<group>";
		};
		6BD744582A33951800A5343D /* OpeningHoursPicker */ = {
			isa = PBXGroup;
			children = (
				6BD744592A33952800A5343D /* OpeningHoursPickerView.swift */,
			);
			path = OpeningHoursPicker;
			sourceTree = "<group>";
		};
		6BD7445B2A347D7200A5343D /* RestaurantCategoryPicker */ = {
			isa = PBXGroup;
			children = (
				6BD7445C2A347D8400A5343D /* RestaurantCategoryPicker.swift */,
			);
			path = RestaurantCategoryPicker;
			sourceTree = "<group>";
		};
		6BD7445E2A347DC300A5343D /* Enums */ = {
			isa = PBXGroup;
			children = (
				6BD744662A34810900A5343D /* PlaceCategoriesEnum.swift */,
				6BD744682A34812A00A5343D /* AccountTypeEnum.swift */,
			);
			path = Enums;
			sourceTree = "<group>";
		};
		6BD744632A347F5200A5343D /* Constants */ = {
			isa = PBXGroup;
			children = (
				6BD744642A347F5E00A5343D /* PlaceCategories.swift */,
			);
			path = Constants;
			sourceTree = "<group>";
		};
		E961DEF6038F78DBA46A10DB /* Frameworks */ = {
			isa = PBXGroup;
			children = (
				F21269A5FC028462886B72B7 /* Pods_looksgood.framework */,
				3241B0B64C3F2E5B81EE6BFB /* Pods_looksgood_looksgoodUITests.framework */,
				385F616B3ACEE24A67B77641 /* Pods_looksgoodTests.framework */,
			);
			name = Frameworks;
			sourceTree = "<group>";
		};
/* End PBXGroup section */

/* Begin PBXNativeTarget section */
		6BA3E0862A1F4E9C008A034E /* looksgood */ = {
			isa = PBXNativeTarget;
			buildConfigurationList = 6BA3E0AB2A1F4E9D008A034E /* Build configuration list for PBXNativeTarget "looksgood" */;
			buildPhases = (
				9F04AFFED931995FAD7CFF69 /* [CP] Check Pods Manifest.lock */,
				6BA3E0832A1F4E9C008A034E /* Sources */,
				6BA3E0842A1F4E9C008A034E /* Frameworks */,
				6BA3E0852A1F4E9C008A034E /* Resources */,
				5186BB49F56CD9E644AA9D0D /* [CP] Copy Pods Resources */,
			);
			buildRules = (
			);
			dependencies = (
			);
			name = looksgood;
			packageProductDependencies = (
				6B9D94772A1F8BFA0001B07E /* Lottie */,
				6B40B44D2A20C7F6004E4A21 /* FirebaseAuth */,
				6B40B44F2A20C7F6004E4A21 /* FirebaseFirestore */,
				6B40B4512A20C7F6004E4A21 /* FirebaseFirestoreSwift */,
				6B40B4532A20C7F6004E4A21 /* FirebaseStorage */,
			);
			productName = looksgood;
			productReference = 6BA3E0872A1F4E9C008A034E /* looksgood.app */;
			productType = "com.apple.product-type.application";
		};
		6BA3E0962A1F4E9D008A034E /* looksgoodTests */ = {
			isa = PBXNativeTarget;
			buildConfigurationList = 6BA3E0AE2A1F4E9D008A034E /* Build configuration list for PBXNativeTarget "looksgoodTests" */;
			buildPhases = (
				2A09116030505348BB94CE55 /* [CP] Check Pods Manifest.lock */,
				6BA3E0932A1F4E9D008A034E /* Sources */,
				6BA3E0942A1F4E9D008A034E /* Frameworks */,
				6BA3E0952A1F4E9D008A034E /* Resources */,
			);
			buildRules = (
			);
			dependencies = (
				6BA3E0992A1F4E9D008A034E /* PBXTargetDependency */,
			);
			name = looksgoodTests;
			productName = looksgoodTests;
			productReference = 6BA3E0972A1F4E9D008A034E /* looksgoodTests.xctest */;
			productType = "com.apple.product-type.bundle.unit-test";
		};
		6BA3E0A02A1F4E9D008A034E /* looksgoodUITests */ = {
			isa = PBXNativeTarget;
			buildConfigurationList = 6BA3E0B12A1F4E9D008A034E /* Build configuration list for PBXNativeTarget "looksgoodUITests" */;
			buildPhases = (
				1BF55158661D7E9715504E20 /* [CP] Check Pods Manifest.lock */,
				6BA3E09D2A1F4E9D008A034E /* Sources */,
				6BA3E09E2A1F4E9D008A034E /* Frameworks */,
				6BA3E09F2A1F4E9D008A034E /* Resources */,
				FA391714DB2F5BA4E5E88C02 /* [CP] Copy Pods Resources */,
			);
			buildRules = (
			);
			dependencies = (
				6BA3E0A32A1F4E9D008A034E /* PBXTargetDependency */,
			);
			name = looksgoodUITests;
			productName = looksgoodUITests;
			productReference = 6BA3E0A12A1F4E9D008A034E /* looksgoodUITests.xctest */;
			productType = "com.apple.product-type.bundle.ui-testing";
		};
/* End PBXNativeTarget section */

/* Begin PBXProject section */
		6BA3E07F2A1F4E9C008A034E /* Project object */ = {
			isa = PBXProject;
			attributes = {
				BuildIndependentTargetsInParallel = 1;
				LastSwiftUpdateCheck = 1420;
				LastUpgradeCheck = 1420;
				TargetAttributes = {
					6BA3E0862A1F4E9C008A034E = {
						CreatedOnToolsVersion = 14.2;
					};
					6BA3E0962A1F4E9D008A034E = {
						CreatedOnToolsVersion = 14.2;
						TestTargetID = 6BA3E0862A1F4E9C008A034E;
					};
					6BA3E0A02A1F4E9D008A034E = {
						CreatedOnToolsVersion = 14.2;
						TestTargetID = 6BA3E0862A1F4E9C008A034E;
					};
				};
			};
			buildConfigurationList = 6BA3E0822A1F4E9C008A034E /* Build configuration list for PBXProject "looksgood" */;
			compatibilityVersion = "Xcode 14.0";
			developmentRegion = en;
			hasScannedForEncodings = 0;
			knownRegions = (
				en,
				Base,
			);
			mainGroup = 6BA3E07E2A1F4E9C008A034E;
			packageReferences = (
				6B9D94762A1F8BFA0001B07E /* XCRemoteSwiftPackageReference "lottie-ios" */,
				6B40B44C2A20C7F6004E4A21 /* XCRemoteSwiftPackageReference "firebase-ios-sdk" */,
			);
			productRefGroup = 6BA3E0882A1F4E9C008A034E /* Products */;
			projectDirPath = "";
			projectRoot = "";
			targets = (
				6BA3E0862A1F4E9C008A034E /* looksgood */,
				6BA3E0962A1F4E9D008A034E /* looksgoodTests */,
				6BA3E0A02A1F4E9D008A034E /* looksgoodUITests */,
			);
		};
/* End PBXProject section */

/* Begin PBXResourcesBuildPhase section */
		6BA3E0852A1F4E9C008A034E /* Resources */ = {
			isa = PBXResourcesBuildPhase;
			buildActionMask = 2147483647;
			files = (
				6B9D948F2A1FC9DE0001B07E /* phone.json in Resources */,
				6B9D94862A1F8ECF0001B07E /* bunchOfFood.json in Resources */,
				6B40B4862A23C852004E4A21 /* hello.json in Resources */,
				6B40B44B2A20C745004E4A21 /* GoogleService-Info.plist in Resources */,
				6BA3E0922A1F4E9D008A034E /* Preview Assets.xcassets in Resources */,
				6B40B46C2A21114C004E4A21 /* confirmingOrder.json in Resources */,
				6BA3E08F2A1F4E9D008A034E /* Assets.xcassets in Resources */,
			);
			runOnlyForDeploymentPostprocessing = 0;
		};
		6BA3E0952A1F4E9D008A034E /* Resources */ = {
			isa = PBXResourcesBuildPhase;
			buildActionMask = 2147483647;
			files = (
			);
			runOnlyForDeploymentPostprocessing = 0;
		};
		6BA3E09F2A1F4E9D008A034E /* Resources */ = {
			isa = PBXResourcesBuildPhase;
			buildActionMask = 2147483647;
			files = (
			);
			runOnlyForDeploymentPostprocessing = 0;
		};
/* End PBXResourcesBuildPhase section */

/* Begin PBXShellScriptBuildPhase section */
		1BF55158661D7E9715504E20 /* [CP] Check Pods Manifest.lock */ = {
			isa = PBXShellScriptBuildPhase;
			buildActionMask = 2147483647;
			files = (
			);
			inputFileListPaths = (
			);
			inputPaths = (
				"${PODS_PODFILE_DIR_PATH}/Podfile.lock",
				"${PODS_ROOT}/Manifest.lock",
			);
			name = "[CP] Check Pods Manifest.lock";
			outputFileListPaths = (
			);
			outputPaths = (
				"$(DERIVED_FILE_DIR)/Pods-looksgood-looksgoodUITests-checkManifestLockResult.txt",
			);
			runOnlyForDeploymentPostprocessing = 0;
			shellPath = /bin/sh;
			shellScript = "diff \"${PODS_PODFILE_DIR_PATH}/Podfile.lock\" \"${PODS_ROOT}/Manifest.lock\" > /dev/null\nif [ $? != 0 ] ; then\n    # print error to STDERR\n    echo \"error: The sandbox is not in sync with the Podfile.lock. Run 'pod install' or update your CocoaPods installation.\" >&2\n    exit 1\nfi\n# This output is used by Xcode 'outputs' to avoid re-running this script phase.\necho \"SUCCESS\" > \"${SCRIPT_OUTPUT_FILE_0}\"\n";
			showEnvVarsInLog = 0;
		};
		2A09116030505348BB94CE55 /* [CP] Check Pods Manifest.lock */ = {
			isa = PBXShellScriptBuildPhase;
			buildActionMask = 2147483647;
			files = (
			);
			inputFileListPaths = (
			);
			inputPaths = (
				"${PODS_PODFILE_DIR_PATH}/Podfile.lock",
				"${PODS_ROOT}/Manifest.lock",
			);
			name = "[CP] Check Pods Manifest.lock";
			outputFileListPaths = (
			);
			outputPaths = (
				"$(DERIVED_FILE_DIR)/Pods-looksgoodTests-checkManifestLockResult.txt",
			);
			runOnlyForDeploymentPostprocessing = 0;
			shellPath = /bin/sh;
			shellScript = "diff \"${PODS_PODFILE_DIR_PATH}/Podfile.lock\" \"${PODS_ROOT}/Manifest.lock\" > /dev/null\nif [ $? != 0 ] ; then\n    # print error to STDERR\n    echo \"error: The sandbox is not in sync with the Podfile.lock. Run 'pod install' or update your CocoaPods installation.\" >&2\n    exit 1\nfi\n# This output is used by Xcode 'outputs' to avoid re-running this script phase.\necho \"SUCCESS\" > \"${SCRIPT_OUTPUT_FILE_0}\"\n";
			showEnvVarsInLog = 0;
		};
		5186BB49F56CD9E644AA9D0D /* [CP] Copy Pods Resources */ = {
			isa = PBXShellScriptBuildPhase;
			buildActionMask = 2147483647;
			files = (
			);
			inputFileListPaths = (
				"${PODS_ROOT}/Target Support Files/Pods-looksgood/Pods-looksgood-resources-${CONFIGURATION}-input-files.xcfilelist",
			);
			name = "[CP] Copy Pods Resources";
			outputFileListPaths = (
				"${PODS_ROOT}/Target Support Files/Pods-looksgood/Pods-looksgood-resources-${CONFIGURATION}-output-files.xcfilelist",
			);
			runOnlyForDeploymentPostprocessing = 0;
			shellPath = /bin/sh;
			shellScript = "\"${PODS_ROOT}/Target Support Files/Pods-looksgood/Pods-looksgood-resources.sh\"\n";
			showEnvVarsInLog = 0;
		};
		9F04AFFED931995FAD7CFF69 /* [CP] Check Pods Manifest.lock */ = {
			isa = PBXShellScriptBuildPhase;
			buildActionMask = 2147483647;
			files = (
			);
			inputFileListPaths = (
			);
			inputPaths = (
				"${PODS_PODFILE_DIR_PATH}/Podfile.lock",
				"${PODS_ROOT}/Manifest.lock",
			);
			name = "[CP] Check Pods Manifest.lock";
			outputFileListPaths = (
			);
			outputPaths = (
				"$(DERIVED_FILE_DIR)/Pods-looksgood-checkManifestLockResult.txt",
			);
			runOnlyForDeploymentPostprocessing = 0;
			shellPath = /bin/sh;
			shellScript = "diff \"${PODS_PODFILE_DIR_PATH}/Podfile.lock\" \"${PODS_ROOT}/Manifest.lock\" > /dev/null\nif [ $? != 0 ] ; then\n    # print error to STDERR\n    echo \"error: The sandbox is not in sync with the Podfile.lock. Run 'pod install' or update your CocoaPods installation.\" >&2\n    exit 1\nfi\n# This output is used by Xcode 'outputs' to avoid re-running this script phase.\necho \"SUCCESS\" > \"${SCRIPT_OUTPUT_FILE_0}\"\n";
			showEnvVarsInLog = 0;
		};
		FA391714DB2F5BA4E5E88C02 /* [CP] Copy Pods Resources */ = {
			isa = PBXShellScriptBuildPhase;
			buildActionMask = 2147483647;
			files = (
			);
			inputFileListPaths = (
				"${PODS_ROOT}/Target Support Files/Pods-looksgood-looksgoodUITests/Pods-looksgood-looksgoodUITests-resources-${CONFIGURATION}-input-files.xcfilelist",
			);
			name = "[CP] Copy Pods Resources";
			outputFileListPaths = (
				"${PODS_ROOT}/Target Support Files/Pods-looksgood-looksgoodUITests/Pods-looksgood-looksgoodUITests-resources-${CONFIGURATION}-output-files.xcfilelist",
			);
			runOnlyForDeploymentPostprocessing = 0;
			shellPath = /bin/sh;
			shellScript = "\"${PODS_ROOT}/Target Support Files/Pods-looksgood-looksgoodUITests/Pods-looksgood-looksgoodUITests-resources.sh\"\n";
			showEnvVarsInLog = 0;
		};
/* End PBXShellScriptBuildPhase section */

/* Begin PBXSourcesBuildPhase section */
		6BA3E0832A1F4E9C008A034E /* Sources */ = {
			isa = PBXSourcesBuildPhase;
			buildActionMask = 2147483647;
			files = (
				6B40B45E2A210272004E4A21 /* NavigationModalBarView.swift in Sources */,
				6B40B4652A210B7B004E4A21 /* PlainLabel.swift in Sources */,
				6B90DE2D2A34C0B40093DBA7 /* AddPlacePublisher.swift in Sources */,
				6B9D94632A1F7CA20001B07E /* HomeView.swift in Sources */,
				6B9D949B2A1FD0430001B07E /* RegisterPublisher.swift in Sources */,
				6BD744572A3392EC00A5343D /* DayOpeningCell.swift in Sources */,
				6B8604FB2A2C8BF80095B796 /* SearchedPlaceModel.swift in Sources */,
				6B40B4702A21EE8D004E4A21 /* AccountTypePublisher.swift in Sources */,
				6B2926A02A24988D00A50C35 /* PlacesService.swift in Sources */,
				6B9D948A2A1F900C0001B07E /* CustomTextField.swift in Sources */,
				6B9D94732A1F877F0001B07E /* Color+Extension.swift in Sources */,
				6B40B46E2A21123E004E4A21 /* BackNavigationButton.swift in Sources */,
				6B8604F72A2B8B800095B796 /* PlaceModel.swift in Sources */,
				6B40B4802A23C68A004E4A21 /* RestaurantPanelView.swift in Sources */,
				6BD744692A34812A00A5343D /* AccountTypeEnum.swift in Sources */,
				6B9D947B2A1F8C460001B07E /* LottieView.swift in Sources */,
				6B9D94752A1F87B50001B07E /* View+Extension.swift in Sources */,
				6B90DE322A35BB630093DBA7 /* CategoryNameConverter.swift in Sources */,
				6B9D948D2A1FC98A0001B07E /* RegisterView.swift in Sources */,
				6B90DE2B2A34C0AB0093DBA7 /* AddPlaceView.swift in Sources */,
				6B9D94662A1F7D0D0001B07E /* HomePublisher.swift in Sources */,
				6BD7445A2A33952800A5343D /* OpeningHoursPickerView.swift in Sources */,
				6B40B4732A21F342004E4A21 /* ProfileView.swift in Sources */,
				6B40B4682A210D53004E4A21 /* PlainButtonStyle.swift in Sources */,
				6B40B4592A20DAFC004E4A21 /* AuthenticationFormProtocol.swift in Sources */,
				6B8604F12A2B78E20095B796 /* AddRestaruantMethod.swift in Sources */,
				6B8604F32A2B7CB70095B796 /* SearchAddRestaurantView.swift in Sources */,
				6B29269E2A2497AF00A50C35 /* LocationManager.swift in Sources */,
				6BD744542A321F1F00A5343D /* OpeningHourCell.swift in Sources */,
				6B9D94942A1FCDA90001B07E /* String+Extension.swift in Sources */,
				6B40B4762A220384004E4A21 /* SettingsCell.swift in Sources */,
				6B29269C2A24966300A50C35 /* GoogleMapView.swift in Sources */,
				6B40B4782A220C16004E4A21 /* AccountSettingsView.swift in Sources */,
				6B40B46A2A210E53004E4A21 /* PlainLabelButton.swift in Sources */,
				6B8604EF2A2B24CA0095B796 /* SearchRestaurantCell.swift in Sources */,
				6B40B4632A2107EB004E4A21 /* AccountTypeView.swift in Sources */,
				6B40B4602A21078B004E4A21 /* UINavigationController+Extension.swift in Sources */,
				6B90DE2F2A35B6380093DBA7 /* PlaceService.swift in Sources */,
				6BA3E08D2A1F4E9C008A034E /* ContentView.swift in Sources */,
				6B9D94802A1F8D300001B07E /* LoginView.swift in Sources */,
				6B40B45B2A20E83B004E4A21 /* MapSearchField.swift in Sources */,
				6BA3E08B2A1F4E9C008A034E /* looksgoodApp.swift in Sources */,
				6B9D94972A1FCEEB0001B07E /* UserModel.swift in Sources */,
				6B40B4882A247FF2004E4A21 /* MapsService.swift in Sources */,
				6B40B47B2A22852D004E4A21 /* BottomTabView.swift in Sources */,
				6BD744652A347F5E00A5343D /* PlaceCategories.swift in Sources */,
				6B8604F92A2B9C360095B796 /* App+Impact.swift in Sources */,
				6B1792432A2511F7007965FE /* AppState.swift in Sources */,
				6BD744672A34810900A5343D /* PlaceCategoriesEnum.swift in Sources */,
				6BD7445D2A347D8400A5343D /* RestaurantCategoryPicker.swift in Sources */,
				6B40B4562A20C901004E4A21 /* AuthService.swift in Sources */,
				6BD744622A347E0400A5343D /* PlaceCategory.swift in Sources */,
				6BD7446B2A3484FA00A5343D /* PlaceCategoryCell.swift in Sources */,
				6B9D94922A1FCA7F0001B07E /* PlainButton.swift in Sources */,
			);
			runOnlyForDeploymentPostprocessing = 0;
		};
		6BA3E0932A1F4E9D008A034E /* Sources */ = {
			isa = PBXSourcesBuildPhase;
			buildActionMask = 2147483647;
			files = (
				6BA3E09C2A1F4E9D008A034E /* looksgoodTests.swift in Sources */,
			);
			runOnlyForDeploymentPostprocessing = 0;
		};
		6BA3E09D2A1F4E9D008A034E /* Sources */ = {
			isa = PBXSourcesBuildPhase;
			buildActionMask = 2147483647;
			files = (
				6BA3E0A82A1F4E9D008A034E /* looksgoodUITestsLaunchTests.swift in Sources */,
				6BA3E0A62A1F4E9D008A034E /* looksgoodUITests.swift in Sources */,
			);
			runOnlyForDeploymentPostprocessing = 0;
		};
/* End PBXSourcesBuildPhase section */

/* Begin PBXTargetDependency section */
		6BA3E0992A1F4E9D008A034E /* PBXTargetDependency */ = {
			isa = PBXTargetDependency;
			target = 6BA3E0862A1F4E9C008A034E /* looksgood */;
			targetProxy = 6BA3E0982A1F4E9D008A034E /* PBXContainerItemProxy */;
		};
		6BA3E0A32A1F4E9D008A034E /* PBXTargetDependency */ = {
			isa = PBXTargetDependency;
			target = 6BA3E0862A1F4E9C008A034E /* looksgood */;
			targetProxy = 6BA3E0A22A1F4E9D008A034E /* PBXContainerItemProxy */;
		};
/* End PBXTargetDependency section */

/* Begin XCBuildConfiguration section */
		6BA3E0A92A1F4E9D008A034E /* Debug */ = {
			isa = XCBuildConfiguration;
			buildSettings = {
				ALWAYS_SEARCH_USER_PATHS = NO;
				CLANG_ANALYZER_NONNULL = YES;
				CLANG_ANALYZER_NUMBER_OBJECT_CONVERSION = YES_AGGRESSIVE;
				CLANG_CXX_LANGUAGE_STANDARD = "gnu++20";
				CLANG_ENABLE_MODULES = YES;
				CLANG_ENABLE_OBJC_ARC = YES;
				CLANG_ENABLE_OBJC_WEAK = YES;
				CLANG_WARN_BLOCK_CAPTURE_AUTORELEASING = YES;
				CLANG_WARN_BOOL_CONVERSION = YES;
				CLANG_WARN_COMMA = YES;
				CLANG_WARN_CONSTANT_CONVERSION = YES;
				CLANG_WARN_DEPRECATED_OBJC_IMPLEMENTATIONS = YES;
				CLANG_WARN_DIRECT_OBJC_ISA_USAGE = YES_ERROR;
				CLANG_WARN_DOCUMENTATION_COMMENTS = YES;
				CLANG_WARN_EMPTY_BODY = YES;
				CLANG_WARN_ENUM_CONVERSION = YES;
				CLANG_WARN_INFINITE_RECURSION = YES;
				CLANG_WARN_INT_CONVERSION = YES;
				CLANG_WARN_NON_LITERAL_NULL_CONVERSION = YES;
				CLANG_WARN_OBJC_IMPLICIT_RETAIN_SELF = YES;
				CLANG_WARN_OBJC_LITERAL_CONVERSION = YES;
				CLANG_WARN_OBJC_ROOT_CLASS = YES_ERROR;
				CLANG_WARN_QUOTED_INCLUDE_IN_FRAMEWORK_HEADER = YES;
				CLANG_WARN_RANGE_LOOP_ANALYSIS = YES;
				CLANG_WARN_STRICT_PROTOTYPES = YES;
				CLANG_WARN_SUSPICIOUS_MOVE = YES;
				CLANG_WARN_UNGUARDED_AVAILABILITY = YES_AGGRESSIVE;
				CLANG_WARN_UNREACHABLE_CODE = YES;
				CLANG_WARN__DUPLICATE_METHOD_MATCH = YES;
				COPY_PHASE_STRIP = NO;
				DEBUG_INFORMATION_FORMAT = dwarf;
				ENABLE_STRICT_OBJC_MSGSEND = YES;
				ENABLE_TESTABILITY = YES;
				GCC_C_LANGUAGE_STANDARD = gnu11;
				GCC_DYNAMIC_NO_PIC = NO;
				GCC_NO_COMMON_BLOCKS = YES;
				GCC_OPTIMIZATION_LEVEL = 0;
				GCC_PREPROCESSOR_DEFINITIONS = (
					"DEBUG=1",
					"$(inherited)",
				);
				GCC_WARN_64_TO_32_BIT_CONVERSION = YES;
				GCC_WARN_ABOUT_RETURN_TYPE = YES_ERROR;
				GCC_WARN_UNDECLARED_SELECTOR = YES;
				GCC_WARN_UNINITIALIZED_AUTOS = YES_AGGRESSIVE;
				GCC_WARN_UNUSED_FUNCTION = YES;
				GCC_WARN_UNUSED_VARIABLE = YES;
				IPHONEOS_DEPLOYMENT_TARGET = 16.2;
				MTL_ENABLE_DEBUG_INFO = INCLUDE_SOURCE;
				MTL_FAST_MATH = YES;
				ONLY_ACTIVE_ARCH = YES;
				SDKROOT = iphoneos;
				SWIFT_ACTIVE_COMPILATION_CONDITIONS = DEBUG;
				SWIFT_OPTIMIZATION_LEVEL = "-Onone";
			};
			name = Debug;
		};
		6BA3E0AA2A1F4E9D008A034E /* Release */ = {
			isa = XCBuildConfiguration;
			buildSettings = {
				ALWAYS_SEARCH_USER_PATHS = NO;
				CLANG_ANALYZER_NONNULL = YES;
				CLANG_ANALYZER_NUMBER_OBJECT_CONVERSION = YES_AGGRESSIVE;
				CLANG_CXX_LANGUAGE_STANDARD = "gnu++20";
				CLANG_ENABLE_MODULES = YES;
				CLANG_ENABLE_OBJC_ARC = YES;
				CLANG_ENABLE_OBJC_WEAK = YES;
				CLANG_WARN_BLOCK_CAPTURE_AUTORELEASING = YES;
				CLANG_WARN_BOOL_CONVERSION = YES;
				CLANG_WARN_COMMA = YES;
				CLANG_WARN_CONSTANT_CONVERSION = YES;
				CLANG_WARN_DEPRECATED_OBJC_IMPLEMENTATIONS = YES;
				CLANG_WARN_DIRECT_OBJC_ISA_USAGE = YES_ERROR;
				CLANG_WARN_DOCUMENTATION_COMMENTS = YES;
				CLANG_WARN_EMPTY_BODY = YES;
				CLANG_WARN_ENUM_CONVERSION = YES;
				CLANG_WARN_INFINITE_RECURSION = YES;
				CLANG_WARN_INT_CONVERSION = YES;
				CLANG_WARN_NON_LITERAL_NULL_CONVERSION = YES;
				CLANG_WARN_OBJC_IMPLICIT_RETAIN_SELF = YES;
				CLANG_WARN_OBJC_LITERAL_CONVERSION = YES;
				CLANG_WARN_OBJC_ROOT_CLASS = YES_ERROR;
				CLANG_WARN_QUOTED_INCLUDE_IN_FRAMEWORK_HEADER = YES;
				CLANG_WARN_RANGE_LOOP_ANALYSIS = YES;
				CLANG_WARN_STRICT_PROTOTYPES = YES;
				CLANG_WARN_SUSPICIOUS_MOVE = YES;
				CLANG_WARN_UNGUARDED_AVAILABILITY = YES_AGGRESSIVE;
				CLANG_WARN_UNREACHABLE_CODE = YES;
				CLANG_WARN__DUPLICATE_METHOD_MATCH = YES;
				COPY_PHASE_STRIP = NO;
				DEBUG_INFORMATION_FORMAT = "dwarf-with-dsym";
				ENABLE_NS_ASSERTIONS = NO;
				ENABLE_STRICT_OBJC_MSGSEND = YES;
				GCC_C_LANGUAGE_STANDARD = gnu11;
				GCC_NO_COMMON_BLOCKS = YES;
				GCC_WARN_64_TO_32_BIT_CONVERSION = YES;
				GCC_WARN_ABOUT_RETURN_TYPE = YES_ERROR;
				GCC_WARN_UNDECLARED_SELECTOR = YES;
				GCC_WARN_UNINITIALIZED_AUTOS = YES_AGGRESSIVE;
				GCC_WARN_UNUSED_FUNCTION = YES;
				GCC_WARN_UNUSED_VARIABLE = YES;
				IPHONEOS_DEPLOYMENT_TARGET = 16.2;
				MTL_ENABLE_DEBUG_INFO = NO;
				MTL_FAST_MATH = YES;
				SDKROOT = iphoneos;
				SWIFT_COMPILATION_MODE = wholemodule;
				SWIFT_OPTIMIZATION_LEVEL = "-O";
				VALIDATE_PRODUCT = YES;
			};
			name = Release;
		};
		6BA3E0AC2A1F4E9D008A034E /* Debug */ = {
			isa = XCBuildConfiguration;
			baseConfigurationReference = B1316D090B1735ED72A19E31 /* Pods-looksgood.debug.xcconfig */;
			buildSettings = {
				ASSETCATALOG_COMPILER_APPICON_NAME = AppIcon;
				ASSETCATALOG_COMPILER_GLOBAL_ACCENT_COLOR_NAME = AccentColor;
				CODE_SIGN_STYLE = Automatic;
				CURRENT_PROJECT_VERSION = 1;
				DEVELOPMENT_ASSET_PATHS = "\"looksgood/Preview Content\"";
				DEVELOPMENT_TEAM = 3P5872A6DS;
				ENABLE_PREVIEWS = YES;
				GENERATE_INFOPLIST_FILE = YES;
				INFOPLIST_KEY_NSLocationWhenInUseUsageDescription = "For optimal experience, enable your location";
				INFOPLIST_KEY_UIApplicationSceneManifest_Generation = YES;
				INFOPLIST_KEY_UIApplicationSupportsIndirectInputEvents = YES;
				INFOPLIST_KEY_UILaunchScreen_Generation = YES;
				INFOPLIST_KEY_UISupportedInterfaceOrientations = UIInterfaceOrientationPortrait;
				IPHONEOS_DEPLOYMENT_TARGET = 16.0;
				LD_RUNPATH_SEARCH_PATHS = (
					"$(inherited)",
					"@executable_path/Frameworks",
				);
				MARKETING_VERSION = 1.0;
				PRODUCT_BUNDLE_IDENTIFIER = com.michalmichalik.looksgood;
				PRODUCT_NAME = "$(TARGET_NAME)";
				SUPPORTED_PLATFORMS = "iphoneos iphonesimulator";
				SUPPORTS_MACCATALYST = NO;
				SUPPORTS_MAC_DESIGNED_FOR_IPHONE_IPAD = NO;
				SWIFT_EMIT_LOC_STRINGS = YES;
				SWIFT_VERSION = 5.0;
				TARGETED_DEVICE_FAMILY = 1;
			};
			name = Debug;
		};
		6BA3E0AD2A1F4E9D008A034E /* Release */ = {
			isa = XCBuildConfiguration;
			baseConfigurationReference = 776F24A9ACB366298D3ADD4B /* Pods-looksgood.release.xcconfig */;
			buildSettings = {
				ASSETCATALOG_COMPILER_APPICON_NAME = AppIcon;
				ASSETCATALOG_COMPILER_GLOBAL_ACCENT_COLOR_NAME = AccentColor;
				CODE_SIGN_STYLE = Automatic;
				CURRENT_PROJECT_VERSION = 1;
				DEVELOPMENT_ASSET_PATHS = "\"looksgood/Preview Content\"";
				DEVELOPMENT_TEAM = 3P5872A6DS;
				ENABLE_PREVIEWS = YES;
				GENERATE_INFOPLIST_FILE = YES;
				INFOPLIST_KEY_NSLocationWhenInUseUsageDescription = "For optimal experience, enable your location";
				INFOPLIST_KEY_UIApplicationSceneManifest_Generation = YES;
				INFOPLIST_KEY_UIApplicationSupportsIndirectInputEvents = YES;
				INFOPLIST_KEY_UILaunchScreen_Generation = YES;
				INFOPLIST_KEY_UISupportedInterfaceOrientations = UIInterfaceOrientationPortrait;
				IPHONEOS_DEPLOYMENT_TARGET = 16.0;
				LD_RUNPATH_SEARCH_PATHS = (
					"$(inherited)",
					"@executable_path/Frameworks",
				);
				MARKETING_VERSION = 1.0;
				PRODUCT_BUNDLE_IDENTIFIER = com.michalmichalik.looksgood;
				PRODUCT_NAME = "$(TARGET_NAME)";
				SUPPORTED_PLATFORMS = "iphoneos iphonesimulator";
				SUPPORTS_MACCATALYST = NO;
				SUPPORTS_MAC_DESIGNED_FOR_IPHONE_IPAD = NO;
				SWIFT_EMIT_LOC_STRINGS = YES;
				SWIFT_VERSION = 5.0;
				TARGETED_DEVICE_FAMILY = 1;
			};
			name = Release;
		};
		6BA3E0AF2A1F4E9D008A034E /* Debug */ = {
			isa = XCBuildConfiguration;
			baseConfigurationReference = A9F1FFA51A8C2554348034EA /* Pods-looksgoodTests.debug.xcconfig */;
			buildSettings = {
				ALWAYS_EMBED_SWIFT_STANDARD_LIBRARIES = YES;
				BUNDLE_LOADER = "$(TEST_HOST)";
				CODE_SIGN_STYLE = Automatic;
				CURRENT_PROJECT_VERSION = 1;
				DEVELOPMENT_TEAM = 3P5872A6DS;
				GENERATE_INFOPLIST_FILE = YES;
				IPHONEOS_DEPLOYMENT_TARGET = 16.2;
				MARKETING_VERSION = 1.0;
				PRODUCT_BUNDLE_IDENTIFIER = com.michalmichalik.looksgoodTests;
				PRODUCT_NAME = "$(TARGET_NAME)";
				SWIFT_EMIT_LOC_STRINGS = NO;
				SWIFT_VERSION = 5.0;
				TARGETED_DEVICE_FAMILY = "1,2";
				TEST_HOST = "$(BUILT_PRODUCTS_DIR)/looksgood.app/$(BUNDLE_EXECUTABLE_FOLDER_PATH)/looksgood";
			};
			name = Debug;
		};
		6BA3E0B02A1F4E9D008A034E /* Release */ = {
			isa = XCBuildConfiguration;
			baseConfigurationReference = 12A40501F7CB6EB3A0B3DFA3 /* Pods-looksgoodTests.release.xcconfig */;
			buildSettings = {
				ALWAYS_EMBED_SWIFT_STANDARD_LIBRARIES = YES;
				BUNDLE_LOADER = "$(TEST_HOST)";
				CODE_SIGN_STYLE = Automatic;
				CURRENT_PROJECT_VERSION = 1;
				DEVELOPMENT_TEAM = 3P5872A6DS;
				GENERATE_INFOPLIST_FILE = YES;
				IPHONEOS_DEPLOYMENT_TARGET = 16.2;
				MARKETING_VERSION = 1.0;
				PRODUCT_BUNDLE_IDENTIFIER = com.michalmichalik.looksgoodTests;
				PRODUCT_NAME = "$(TARGET_NAME)";
				SWIFT_EMIT_LOC_STRINGS = NO;
				SWIFT_VERSION = 5.0;
				TARGETED_DEVICE_FAMILY = "1,2";
				TEST_HOST = "$(BUILT_PRODUCTS_DIR)/looksgood.app/$(BUNDLE_EXECUTABLE_FOLDER_PATH)/looksgood";
			};
			name = Release;
		};
		6BA3E0B22A1F4E9D008A034E /* Debug */ = {
			isa = XCBuildConfiguration;
			baseConfigurationReference = 132A0F3A246474DC4FEBA67D /* Pods-looksgood-looksgoodUITests.debug.xcconfig */;
			buildSettings = {
				ALWAYS_EMBED_SWIFT_STANDARD_LIBRARIES = YES;
				CODE_SIGN_STYLE = Automatic;
				CURRENT_PROJECT_VERSION = 1;
				DEVELOPMENT_TEAM = 3P5872A6DS;
				GENERATE_INFOPLIST_FILE = YES;
				MARKETING_VERSION = 1.0;
				PRODUCT_BUNDLE_IDENTIFIER = com.michalmichalik.looksgoodUITests;
				PRODUCT_NAME = "$(TARGET_NAME)";
				SWIFT_EMIT_LOC_STRINGS = NO;
				SWIFT_VERSION = 5.0;
				TARGETED_DEVICE_FAMILY = "1,2";
				TEST_TARGET_NAME = looksgood;
			};
			name = Debug;
		};
		6BA3E0B32A1F4E9D008A034E /* Release */ = {
			isa = XCBuildConfiguration;
			baseConfigurationReference = D8B841801DF2BEE24D9DCD4A /* Pods-looksgood-looksgoodUITests.release.xcconfig */;
			buildSettings = {
				ALWAYS_EMBED_SWIFT_STANDARD_LIBRARIES = YES;
				CODE_SIGN_STYLE = Automatic;
				CURRENT_PROJECT_VERSION = 1;
				DEVELOPMENT_TEAM = 3P5872A6DS;
				GENERATE_INFOPLIST_FILE = YES;
				MARKETING_VERSION = 1.0;
				PRODUCT_BUNDLE_IDENTIFIER = com.michalmichalik.looksgoodUITests;
				PRODUCT_NAME = "$(TARGET_NAME)";
				SWIFT_EMIT_LOC_STRINGS = NO;
				SWIFT_VERSION = 5.0;
				TARGETED_DEVICE_FAMILY = "1,2";
				TEST_TARGET_NAME = looksgood;
			};
			name = Release;
		};
/* End XCBuildConfiguration section */

/* Begin XCConfigurationList section */
		6BA3E0822A1F4E9C008A034E /* Build configuration list for PBXProject "looksgood" */ = {
			isa = XCConfigurationList;
			buildConfigurations = (
				6BA3E0A92A1F4E9D008A034E /* Debug */,
				6BA3E0AA2A1F4E9D008A034E /* Release */,
			);
			defaultConfigurationIsVisible = 0;
			defaultConfigurationName = Release;
		};
		6BA3E0AB2A1F4E9D008A034E /* Build configuration list for PBXNativeTarget "looksgood" */ = {
			isa = XCConfigurationList;
			buildConfigurations = (
				6BA3E0AC2A1F4E9D008A034E /* Debug */,
				6BA3E0AD2A1F4E9D008A034E /* Release */,
			);
			defaultConfigurationIsVisible = 0;
			defaultConfigurationName = Release;
		};
		6BA3E0AE2A1F4E9D008A034E /* Build configuration list for PBXNativeTarget "looksgoodTests" */ = {
			isa = XCConfigurationList;
			buildConfigurations = (
				6BA3E0AF2A1F4E9D008A034E /* Debug */,
				6BA3E0B02A1F4E9D008A034E /* Release */,
			);
			defaultConfigurationIsVisible = 0;
			defaultConfigurationName = Release;
		};
		6BA3E0B12A1F4E9D008A034E /* Build configuration list for PBXNativeTarget "looksgoodUITests" */ = {
			isa = XCConfigurationList;
			buildConfigurations = (
				6BA3E0B22A1F4E9D008A034E /* Debug */,
				6BA3E0B32A1F4E9D008A034E /* Release */,
			);
			defaultConfigurationIsVisible = 0;
			defaultConfigurationName = Release;
		};
/* End XCConfigurationList section */

/* Begin XCRemoteSwiftPackageReference section */
		6B40B44C2A20C7F6004E4A21 /* XCRemoteSwiftPackageReference "firebase-ios-sdk" */ = {
			isa = XCRemoteSwiftPackageReference;
			repositoryURL = "https://github.com/firebase/firebase-ios-sdk";
			requirement = {
				kind = upToNextMajorVersion;
				minimumVersion = 10.0.0;
			};
		};
		6B9D94762A1F8BFA0001B07E /* XCRemoteSwiftPackageReference "lottie-ios" */ = {
			isa = XCRemoteSwiftPackageReference;
			repositoryURL = "https://github.com/airbnb/lottie-ios.git";
			requirement = {
				branch = master;
				kind = branch;
			};
		};
/* End XCRemoteSwiftPackageReference section */

/* Begin XCSwiftPackageProductDependency section */
		6B40B44D2A20C7F6004E4A21 /* FirebaseAuth */ = {
			isa = XCSwiftPackageProductDependency;
			package = 6B40B44C2A20C7F6004E4A21 /* XCRemoteSwiftPackageReference "firebase-ios-sdk" */;
			productName = FirebaseAuth;
		};
		6B40B44F2A20C7F6004E4A21 /* FirebaseFirestore */ = {
			isa = XCSwiftPackageProductDependency;
			package = 6B40B44C2A20C7F6004E4A21 /* XCRemoteSwiftPackageReference "firebase-ios-sdk" */;
			productName = FirebaseFirestore;
		};
		6B40B4512A20C7F6004E4A21 /* FirebaseFirestoreSwift */ = {
			isa = XCSwiftPackageProductDependency;
			package = 6B40B44C2A20C7F6004E4A21 /* XCRemoteSwiftPackageReference "firebase-ios-sdk" */;
			productName = FirebaseFirestoreSwift;
		};
		6B40B4532A20C7F6004E4A21 /* FirebaseStorage */ = {
			isa = XCSwiftPackageProductDependency;
			package = 6B40B44C2A20C7F6004E4A21 /* XCRemoteSwiftPackageReference "firebase-ios-sdk" */;
			productName = FirebaseStorage;
		};
		6B9D94772A1F8BFA0001B07E /* Lottie */ = {
			isa = XCSwiftPackageProductDependency;
			package = 6B9D94762A1F8BFA0001B07E /* XCRemoteSwiftPackageReference "lottie-ios" */;
			productName = Lottie;
		};
/* End XCSwiftPackageProductDependency section */
	};
	rootObject = 6BA3E07F2A1F4E9C008A034E /* Project object */;
}
